// !$*UTF8*$!
{
	archiveVersion = 1;
	classes = {
	};
	objectVersion = 50;
	objects = {

/* Begin PBXBuildFile section */
		4703A87D2404EEEA00BDD11C /* SSAngle.cpp in Sources */ = {isa = PBXBuildFile; fileRef = 4703A87C2404EEEA00BDD11C /* SSAngle.cpp */; };
		4703A8802404EF0800BDD11C /* SSVector.cpp in Sources */ = {isa = PBXBuildFile; fileRef = 4703A87E2404EF0800BDD11C /* SSVector.cpp */; };
		4703A8832404EF3800BDD11C /* SSMatrix.cpp in Sources */ = {isa = PBXBuildFile; fileRef = 4703A8822404EF3800BDD11C /* SSMatrix.cpp */; };
		4703A8852404EF5700BDD11C /* test.cpp in Sources */ = {isa = PBXBuildFile; fileRef = 4703A8842404EF5700BDD11C /* test.cpp */; };
		4703A8882404EF7F00BDD11C /* SSTime.cpp in Sources */ = {isa = PBXBuildFile; fileRef = 4703A8862404EF7F00BDD11C /* SSTime.cpp */; };
		A36F9198240979770038FE04 /* SSCoords.cpp in Sources */ = {isa = PBXBuildFile; fileRef = A36F9196240979770038FE04 /* SSCoords.cpp */; };
/* End PBXBuildFile section */

/* Begin PBXCopyFilesBuildPhase section */
		A328D72F2402DBFD00BCE781 /* CopyFiles */ = {
			isa = PBXCopyFilesBuildPhase;
			buildActionMask = 2147483647;
			dstPath = /usr/share/man/man1/;
			dstSubfolderSpec = 0;
			files = (
			);
			runOnlyForDeploymentPostprocessing = 1;
		};
/* End PBXCopyFilesBuildPhase section */

/* Begin PBXFileReference section */
		4703A87B2404EEEA00BDD11C /* SSAngle.hpp */ = {isa = PBXFileReference; fileEncoding = 4; lastKnownFileType = sourcecode.cpp.h; path = SSAngle.hpp; sourceTree = SOURCE_ROOT; };
		4703A87C2404EEEA00BDD11C /* SSAngle.cpp */ = {isa = PBXFileReference; fileEncoding = 4; lastKnownFileType = sourcecode.cpp.cpp; path = SSAngle.cpp; sourceTree = SOURCE_ROOT; };
		4703A87E2404EF0800BDD11C /* SSVector.cpp */ = {isa = PBXFileReference; fileEncoding = 4; lastKnownFileType = sourcecode.cpp.cpp; path = SSVector.cpp; sourceTree = SOURCE_ROOT; };
		4703A87F2404EF0800BDD11C /* SSVector.hpp */ = {isa = PBXFileReference; fileEncoding = 4; lastKnownFileType = sourcecode.cpp.h; path = SSVector.hpp; sourceTree = SOURCE_ROOT; };
		4703A8812404EF3800BDD11C /* SSMatrix.hpp */ = {isa = PBXFileReference; fileEncoding = 4; lastKnownFileType = sourcecode.cpp.h; path = SSMatrix.hpp; sourceTree = SOURCE_ROOT; };
		4703A8822404EF3800BDD11C /* SSMatrix.cpp */ = {isa = PBXFileReference; fileEncoding = 4; lastKnownFileType = sourcecode.cpp.cpp; path = SSMatrix.cpp; sourceTree = SOURCE_ROOT; };
		4703A8842404EF5700BDD11C /* test.cpp */ = {isa = PBXFileReference; fileEncoding = 4; lastKnownFileType = sourcecode.cpp.cpp; path = test.cpp; sourceTree = SOURCE_ROOT; };
		4703A8862404EF7F00BDD11C /* SSTime.cpp */ = {isa = PBXFileReference; fileEncoding = 4; lastKnownFileType = sourcecode.cpp.cpp; path = SSTime.cpp; sourceTree = SOURCE_ROOT; };
		4703A8872404EF7F00BDD11C /* SSTime.hpp */ = {isa = PBXFileReference; fileEncoding = 4; lastKnownFileType = sourcecode.cpp.h; path = SSTime.hpp; sourceTree = SOURCE_ROOT; };
		A328D7312402DBFD00BCE781 /* SSCore */ = {isa = PBXFileReference; explicitFileType = "compiled.mach-o.executable"; includeInIndex = 0; path = SSCore; sourceTree = BUILT_PRODUCTS_DIR; };
		A36F9196240979770038FE04 /* SSCoords.cpp */ = {isa = PBXFileReference; lastKnownFileType = sourcecode.cpp.cpp; path = SSCoords.cpp; sourceTree = SOURCE_ROOT; };
		A36F9197240979770038FE04 /* SSCoords.hpp */ = {isa = PBXFileReference; lastKnownFileType = sourcecode.cpp.h; path = SSCoords.hpp; sourceTree = SOURCE_ROOT; };
/* End PBXFileReference section */

/* Begin PBXFrameworksBuildPhase section */
		A328D72E2402DBFD00BCE781 /* Frameworks */ = {
			isa = PBXFrameworksBuildPhase;
			buildActionMask = 2147483647;
			files = (
			);
			runOnlyForDeploymentPostprocessing = 0;
		};
/* End PBXFrameworksBuildPhase section */

/* Begin PBXGroup section */
		A328D7282402DBFD00BCE781 = {
			isa = PBXGroup;
			children = (
				A328D7332402DBFD00BCE781 /* SSCore */,
				A328D7322402DBFD00BCE781 /* Products */,
			);
			sourceTree = "<group>";
		};
		A328D7322402DBFD00BCE781 /* Products */ = {
			isa = PBXGroup;
			children = (
				A328D7312402DBFD00BCE781 /* SSCore */,
			);
			name = Products;
			sourceTree = "<group>";
		};
		A328D7332402DBFD00BCE781 /* SSCore */ = {
			isa = PBXGroup;
			children = (
				4703A8862404EF7F00BDD11C /* SSTime.cpp */,
				4703A8872404EF7F00BDD11C /* SSTime.hpp */,
				A36F9196240979770038FE04 /* SSCoords.cpp */,
				A36F9197240979770038FE04 /* SSCoords.hpp */,
				4703A87C2404EEEA00BDD11C /* SSAngle.cpp */,
				4703A87B2404EEEA00BDD11C /* SSAngle.hpp */,
				4703A87E2404EF0800BDD11C /* SSVector.cpp */,
				4703A87F2404EF0800BDD11C /* SSVector.hpp */,
				4703A8822404EF3800BDD11C /* SSMatrix.cpp */,
				4703A8812404EF3800BDD11C /* SSMatrix.hpp */,
				4703A8842404EF5700BDD11C /* test.cpp */,
			);
			path = SSCore;
			sourceTree = "<group>";
		};
/* End PBXGroup section */

/* Begin PBXNativeTarget section */
		A328D7302402DBFD00BCE781 /* SSCore */ = {
			isa = PBXNativeTarget;
			buildConfigurationList = A328D7382402DBFD00BCE781 /* Build configuration list for PBXNativeTarget "SSCore" */;
			buildPhases = (
				A328D72D2402DBFD00BCE781 /* Sources */,
				A328D72E2402DBFD00BCE781 /* Frameworks */,
				A328D72F2402DBFD00BCE781 /* CopyFiles */,
			);
			buildRules = (
			);
			dependencies = (
			);
			name = SSCore;
			productName = SSCore;
			productReference = A328D7312402DBFD00BCE781 /* SSCore */;
			productType = "com.apple.product-type.tool";
		};
/* End PBXNativeTarget section */

/* Begin PBXProject section */
		A328D7292402DBFD00BCE781 /* Project object */ = {
			isa = PBXProject;
			attributes = {
				LastUpgradeCheck = 1120;
				ORGANIZATIONNAME = "Southern Stars";
				TargetAttributes = {
					A328D7302402DBFD00BCE781 = {
						CreatedOnToolsVersion = 11.2.1;
					};
				};
			};
			buildConfigurationList = A328D72C2402DBFD00BCE781 /* Build configuration list for PBXProject "SSCore" */;
			compatibilityVersion = "Xcode 9.3";
			developmentRegion = en;
			hasScannedForEncodings = 0;
			knownRegions = (
				en,
				Base,
			);
			mainGroup = A328D7282402DBFD00BCE781;
			productRefGroup = A328D7322402DBFD00BCE781 /* Products */;
			projectDirPath = "";
			projectRoot = "";
			targets = (
				A328D7302402DBFD00BCE781 /* SSCore */,
			);
		};
/* End PBXProject section */

/* Begin PBXSourcesBuildPhase section */
		A328D72D2402DBFD00BCE781 /* Sources */ = {
			isa = PBXSourcesBuildPhase;
			buildActionMask = 2147483647;
			files = (
				4703A8832404EF3800BDD11C /* SSMatrix.cpp in Sources */,
				4703A8802404EF0800BDD11C /* SSVector.cpp in Sources */,
				4703A8852404EF5700BDD11C /* test.cpp in Sources */,
				A36F9198240979770038FE04 /* SSCoords.cpp in Sources */,
				4703A8882404EF7F00BDD11C /* SSTime.cpp in Sources */,
				4703A87D2404EEEA00BDD11C /* SSAngle.cpp in Sources */,
			);
			runOnlyForDeploymentPostprocessing = 0;
		};
/* End PBXSourcesBuildPhase section */

/* Begin XCBuildConfiguration section */
		A328D7362402DBFD00BCE781 /* Debug */ = {
			isa = XCBuildConfiguration;
			buildSettings = {
				ALWAYS_SEARCH_USER_PATHS = NO;
				CLANG_ANALYZER_NONNULL = YES;
				CLANG_ANALYZER_NUMBER_OBJECT_CONVERSION = YES_AGGRESSIVE;
				CLANG_CXX_LANGUAGE_STANDARD = "gnu++14";
				CLANG_CXX_LIBRARY = "libc++";
				CLANG_ENABLE_MODULES = YES;
				CLANG_ENABLE_OBJC_ARC = YES;
				CLANG_ENABLE_OBJC_WEAK = YES;
				CLANG_WARN_BLOCK_CAPTURE_AUTORELEASING = YES;
				CLANG_WARN_BOOL_CONVERSION = YES;
				CLANG_WARN_COMMA = YES;
				CLANG_WARN_CONSTANT_CONVERSION = YES;
				CLANG_WARN_DEPRECATED_OBJC_IMPLEMENTATIONS = YES;
				CLANG_WARN_DIRECT_OBJC_ISA_USAGE = YES_ERROR;
				CLANG_WARN_DOCUMENTATION_COMMENTS = YES;
				CLANG_WARN_EMPTY_BODY = YES;
				CLANG_WARN_ENUM_CONVERSION = YES;
				CLANG_WARN_INFINITE_RECURSION = YES;
				CLANG_WARN_INT_CONVERSION = YES;
				CLANG_WARN_NON_LITERAL_NULL_CONVERSION = YES;
				CLANG_WARN_OBJC_IMPLICIT_RETAIN_SELF = YES;
				CLANG_WARN_OBJC_LITERAL_CONVERSION = YES;
				CLANG_WARN_OBJC_ROOT_CLASS = YES_ERROR;
				CLANG_WARN_RANGE_LOOP_ANALYSIS = YES;
				CLANG_WARN_STRICT_PROTOTYPES = YES;
				CLANG_WARN_SUSPICIOUS_MOVE = YES;
				CLANG_WARN_UNGUARDED_AVAILABILITY = YES_AGGRESSIVE;
				CLANG_WARN_UNREACHABLE_CODE = YES;
				CLANG_WARN__DUPLICATE_METHOD_MATCH = YES;
				COPY_PHASE_STRIP = NO;
				DEBUG_INFORMATION_FORMAT = dwarf;
				ENABLE_STRICT_OBJC_MSGSEND = YES;
				ENABLE_TESTABILITY = YES;
				GCC_C_LANGUAGE_STANDARD = gnu11;
				GCC_DYNAMIC_NO_PIC = NO;
				GCC_NO_COMMON_BLOCKS = YES;
				GCC_OPTIMIZATION_LEVEL = 0;
				GCC_PREPROCESSOR_DEFINITIONS = (
					"DEBUG=1",
					"$(inherited)",
				);
				GCC_WARN_64_TO_32_BIT_CONVERSION = YES;
				GCC_WARN_ABOUT_RETURN_TYPE = YES_ERROR;
				GCC_WARN_UNDECLARED_SELECTOR = YES;
				GCC_WARN_UNINITIALIZED_AUTOS = YES_AGGRESSIVE;
				GCC_WARN_UNUSED_FUNCTION = YES;
				GCC_WARN_UNUSED_VARIABLE = YES;
				MACOSX_DEPLOYMENT_TARGET = 10.14;
				MTL_ENABLE_DEBUG_INFO = INCLUDE_SOURCE;
				MTL_FAST_MATH = YES;
				ONLY_ACTIVE_ARCH = YES;
				SDKROOT = macosx;
			};
			name = Debug;
		};
		A328D7372402DBFD00BCE781 /* Release */ = {
			isa = XCBuildConfiguration;
			buildSettings = {
				ALWAYS_SEARCH_USER_PATHS = NO;
				CLANG_ANALYZER_NONNULL = YES;
				CLANG_ANALYZER_NUMBER_OBJECT_CONVERSION = YES_AGGRESSIVE;
				CLANG_CXX_LANGUAGE_STANDARD = "gnu++14";
				CLANG_CXX_LIBRARY = "libc++";
				CLANG_ENABLE_MODULES = YES;
				CLANG_ENABLE_OBJC_ARC = YES;
				CLANG_ENABLE_OBJC_WEAK = YES;
				CLANG_WARN_BLOCK_CAPTURE_AUTORELEASING = YES;
				CLANG_WARN_BOOL_CONVERSION = YES;
				CLANG_WARN_COMMA = YES;
				CLANG_WARN_CONSTANT_CONVERSION = YES;
				CLANG_WARN_DEPRECATED_OBJC_IMPLEMENTATIONS = YES;
				CLANG_WARN_DIRECT_OBJC_ISA_USAGE = YES_ERROR;
				CLANG_WARN_DOCUMENTATION_COMMENTS = YES;
				CLANG_WARN_EMPTY_BODY = YES;
				CLANG_WARN_ENUM_CONVERSION = YES;
				CLANG_WARN_INFINITE_RECURSION = YES;
				CLANG_WARN_INT_CONVERSION = YES;
				CLANG_WARN_NON_LITERAL_NULL_CONVERSION = YES;
				CLANG_WARN_OBJC_IMPLICIT_RETAIN_SELF = YES;
				CLANG_WARN_OBJC_LITERAL_CONVERSION = YES;
				CLANG_WARN_OBJC_ROOT_CLASS = YES_ERROR;
				CLANG_WARN_RANGE_LOOP_ANALYSIS = YES;
				CLANG_WARN_STRICT_PROTOTYPES = YES;
				CLANG_WARN_SUSPICIOUS_MOVE = YES;
				CLANG_WARN_UNGUARDED_AVAILABILITY = YES_AGGRESSIVE;
				CLANG_WARN_UNREACHABLE_CODE = YES;
				CLANG_WARN__DUPLICATE_METHOD_MATCH = YES;
				COPY_PHASE_STRIP = NO;
				DEBUG_INFORMATION_FORMAT = "dwarf-with-dsym";
				ENABLE_NS_ASSERTIONS = NO;
				ENABLE_STRICT_OBJC_MSGSEND = YES;
				GCC_C_LANGUAGE_STANDARD = gnu11;
				GCC_NO_COMMON_BLOCKS = YES;
				GCC_WARN_64_TO_32_BIT_CONVERSION = YES;
				GCC_WARN_ABOUT_RETURN_TYPE = YES_ERROR;
				GCC_WARN_UNDECLARED_SELECTOR = YES;
				GCC_WARN_UNINITIALIZED_AUTOS = YES_AGGRESSIVE;
				GCC_WARN_UNUSED_FUNCTION = YES;
				GCC_WARN_UNUSED_VARIABLE = YES;
				MACOSX_DEPLOYMENT_TARGET = 10.14;
				MTL_ENABLE_DEBUG_INFO = NO;
				MTL_FAST_MATH = YES;
				SDKROOT = macosx;
			};
			name = Release;
		};
		A328D7392402DBFD00BCE781 /* Debug */ = {
			isa = XCBuildConfiguration;
			buildSettings = {
				CODE_SIGN_STYLE = Automatic;
				DEVELOPMENT_TEAM = 3VXR2SZ857;
				ENABLE_HARDENED_RUNTIME = YES;
				PRODUCT_NAME = "$(TARGET_NAME)";
			};
			name = Debug;
		};
		A328D73A2402DBFD00BCE781 /* Release */ = {
			isa = XCBuildConfiguration;
			buildSettings = {
				CODE_SIGN_STYLE = Automatic;
				DEVELOPMENT_TEAM = 3VXR2SZ857;
				ENABLE_HARDENED_RUNTIME = YES;
				PRODUCT_NAME = "$(TARGET_NAME)";
			};
			name = Release;
		};
/* End XCBuildConfiguration section */

/* Begin XCConfigurationList section */
		A328D72C2402DBFD00BCE781 /* Build configuration list for PBXProject "SSCore" */ = {
			isa = XCConfigurationList;
			buildConfigurations = (
				A328D7362402DBFD00BCE781 /* Debug */,
				A328D7372402DBFD00BCE781 /* Release */,
			);
			defaultConfigurationIsVisible = 0;
			defaultConfigurationName = Release;
		};
		A328D7382402DBFD00BCE781 /* Build configuration list for PBXNativeTarget "SSCore" */ = {
			isa = XCConfigurationList;
			buildConfigurations = (
				A328D7392402DBFD00BCE781 /* Debug */,
				A328D73A2402DBFD00BCE781 /* Release */,
			);
			defaultConfigurationIsVisible = 0;
			defaultConfigurationName = Release;
		};
/* End XCConfigurationList section */
	};
	rootObject = A328D7292402DBFD00BCE781 /* Project object */;
}
