// !$*UTF8*$!
{
	archiveVersion = 1;
	classes = {
	};
	objectVersion = 50;
	objects = {

/* Begin PBXBuildFile section */
		27706A4C2565BC5E003C221A /* SSFeature.cpp in Sources */ = {isa = PBXBuildFile; fileRef = 27706A4A2565BC5E003C221A /* SSFeature.cpp */; };
		4703A87D2404EEEA00BDD11C /* SSAngle.cpp in Sources */ = {isa = PBXBuildFile; fileRef = 4703A87C2404EEEA00BDD11C /* SSAngle.cpp */; };
		4703A8802404EF0800BDD11C /* SSVector.cpp in Sources */ = {isa = PBXBuildFile; fileRef = 4703A87E2404EF0800BDD11C /* SSVector.cpp */; };
		4703A8832404EF3800BDD11C /* SSMatrix.cpp in Sources */ = {isa = PBXBuildFile; fileRef = 4703A8822404EF3800BDD11C /* SSMatrix.cpp */; };
		4703A8882404EF7F00BDD11C /* SSTime.cpp in Sources */ = {isa = PBXBuildFile; fileRef = 4703A8862404EF7F00BDD11C /* SSTime.cpp */; };
		A304AA8B2B105BC9003E50AA /* SSTetraTest.cpp in Sources */ = {isa = PBXBuildFile; fileRef = A304AA8A2B105BC9003E50AA /* SSTetraTest.cpp */; };
		A304AA8C2B105BD6003E50AA /* SSAngle.cpp in Sources */ = {isa = PBXBuildFile; fileRef = 4703A87C2404EEEA00BDD11C /* SSAngle.cpp */; };
		A304AA8D2B105BE0003E50AA /* SSVector.cpp in Sources */ = {isa = PBXBuildFile; fileRef = 4703A87E2404EF0800BDD11C /* SSVector.cpp */; };
		A304AA8E2B105BEC003E50AA /* SSMatrix.cpp in Sources */ = {isa = PBXBuildFile; fileRef = 4703A8822404EF3800BDD11C /* SSMatrix.cpp */; };
		A304AA8F2B105BF5003E50AA /* SSUtilities.cpp in Sources */ = {isa = PBXBuildFile; fileRef = A35D2B4824293BF80092DEA5 /* SSUtilities.cpp */; };
		A304AA972B105D33003E50AA /* svdcmp.c in Sources */ = {isa = PBXBuildFile; fileRef = A304AA912B105D33003E50AA /* svdcmp.c */; };
		A304AA982B105D33003E50AA /* Tetra3.cpp in Sources */ = {isa = PBXBuildFile; fileRef = A304AA922B105D33003E50AA /* Tetra3.cpp */; };
		A304AA992B105D33003E50AA /* cnpy.cpp in Sources */ = {isa = PBXBuildFile; fileRef = A304AA932B105D33003E50AA /* cnpy.cpp */; };
		A304AA9B2B105F68003E50AA /* libz.tbd in Frameworks */ = {isa = PBXBuildFile; fileRef = A304AA9A2B105F68003E50AA /* libz.tbd */; };
		A30545C2241EDBB400197F8A /* SSObject.cpp in Sources */ = {isa = PBXBuildFile; fileRef = A30545C0241EDBB400197F8A /* SSObject.cpp */; };
		A30545C5241EE07900197F8A /* SSPlanet.cpp in Sources */ = {isa = PBXBuildFile; fileRef = A30545C3241EE07900197F8A /* SSPlanet.cpp */; };
		A30545C8241EF45000197F8A /* SSStar.cpp in Sources */ = {isa = PBXBuildFile; fileRef = A30545C6241EF45000197F8A /* SSStar.cpp */; };
		A307FB09297A31E7003E30AD /* SSImportTLE.cpp in Sources */ = {isa = PBXBuildFile; fileRef = A307FB07297A31E7003E30AD /* SSImportTLE.cpp */; };
		A30C7A4A24251E96004FEF82 /* SSIdentifier.cpp in Sources */ = {isa = PBXBuildFile; fileRef = A30C7A4824251E96004FEF82 /* SSIdentifier.cpp */; };
		A315D76E26370EEA00A2F317 /* SSImportGCVS.cpp in Sources */ = {isa = PBXBuildFile; fileRef = A315D76C26370EEA00A2F317 /* SSImportGCVS.cpp */; };
		A318E1B12CD5785A00B6A67C /* MountSimulator.cpp in Sources */ = {isa = PBXBuildFile; fileRef = A318E1B02CD5785A00B6A67C /* MountSimulator.cpp */; };
		A31EBEA02457C231005C863E /* ELPMPP02.cpp in Sources */ = {isa = PBXBuildFile; fileRef = A31EBE9E2457C231005C863E /* ELPMPP02.cpp */; };
		A33E45B82438E7F900C15780 /* SSTLE.cpp in Sources */ = {isa = PBXBuildFile; fileRef = A33E45B62438E7F900C15780 /* SSTLE.cpp */; };
		A34D208128D39EAA0005A5F1 /* CoreFoundation.framework in Frameworks */ = {isa = PBXBuildFile; fileRef = A34D208028D39EAA0005A5F1 /* CoreFoundation.framework */; };
		A34D208328D39EB70005A5F1 /* IOKit.framework in Frameworks */ = {isa = PBXBuildFile; fileRef = A34D208228D39EB70005A5F1 /* IOKit.framework */; };
		A34D208428D39EFA0005A5F1 /* SSUtilities.cpp in Sources */ = {isa = PBXBuildFile; fileRef = A35D2B4824293BF80092DEA5 /* SSUtilities.cpp */; };
		A34D208528D39F4F0005A5F1 /* SSAngle.cpp in Sources */ = {isa = PBXBuildFile; fileRef = 4703A87C2404EEEA00BDD11C /* SSAngle.cpp */; };
		A34D208628D39F600005A5F1 /* SSObject.cpp in Sources */ = {isa = PBXBuildFile; fileRef = A30545C0241EDBB400197F8A /* SSObject.cpp */; };
		A34D208728D39F710005A5F1 /* SSStar.cpp in Sources */ = {isa = PBXBuildFile; fileRef = A30545C6241EF45000197F8A /* SSStar.cpp */; };
		A34D208828D39F780005A5F1 /* SSPlanet.cpp in Sources */ = {isa = PBXBuildFile; fileRef = A30545C3241EE07900197F8A /* SSPlanet.cpp */; };
		A34D208928D39F890005A5F1 /* SSIdentifier.cpp in Sources */ = {isa = PBXBuildFile; fileRef = A30C7A4824251E96004FEF82 /* SSIdentifier.cpp */; };
		A34D208A28D39F990005A5F1 /* SSVector.cpp in Sources */ = {isa = PBXBuildFile; fileRef = 4703A87E2404EF0800BDD11C /* SSVector.cpp */; };
		A34D208B28D39FA80005A5F1 /* SSCoordinates.cpp in Sources */ = {isa = PBXBuildFile; fileRef = A36F9196240979770038FE04 /* SSCoordinates.cpp */; };
		A34D208C28D39FBA0005A5F1 /* SSPSEphemeris.cpp in Sources */ = {isa = PBXBuildFile; fileRef = A3ED2F8E244614A00040ECE5 /* SSPSEphemeris.cpp */; };
		A34D208D28D39FCB0005A5F1 /* SSConstellation.cpp in Sources */ = {isa = PBXBuildFile; fileRef = A3BFC836242BEDB2001CBE62 /* SSConstellation.cpp */; };
		A34D208E28D39FD90005A5F1 /* SSMoonEphemeris.cpp in Sources */ = {isa = PBXBuildFile; fileRef = A3848E972450E9CD0085973F /* SSMoonEphemeris.cpp */; };
		A34D208F28D39FE90005A5F1 /* SSTLE.cpp in Sources */ = {isa = PBXBuildFile; fileRef = A33E45B62438E7F900C15780 /* SSTLE.cpp */; };
		A34D209028D3A0000005A5F1 /* SSFeature.cpp in Sources */ = {isa = PBXBuildFile; fileRef = 27706A4A2565BC5E003C221A /* SSFeature.cpp */; };
		A34D209128D3A0100005A5F1 /* SSTime.cpp in Sources */ = {isa = PBXBuildFile; fileRef = 4703A8862404EF7F00BDD11C /* SSTime.cpp */; };
		A34D209228D3A01E0005A5F1 /* SSOrbit.cpp in Sources */ = {isa = PBXBuildFile; fileRef = A358D99B24147D3E009078A6 /* SSOrbit.cpp */; };
		A34D209328D3A0330005A5F1 /* SSMatrix.cpp in Sources */ = {isa = PBXBuildFile; fileRef = 4703A8822404EF3800BDD11C /* SSMatrix.cpp */; };
		A34D209428D3A04B0005A5F1 /* VSOP2013p4.cpp in Sources */ = {isa = PBXBuildFile; fileRef = A3C22D0E24574892004CE083 /* VSOP2013p4.cpp */; };
		A34D209528D3A04B0005A5F1 /* VSOP2013p6.cpp in Sources */ = {isa = PBXBuildFile; fileRef = A3C22D0D24574892004CE083 /* VSOP2013p6.cpp */; };
		A34D209628D3A04B0005A5F1 /* VSOP2013p8.cpp in Sources */ = {isa = PBXBuildFile; fileRef = A3C22D1224574892004CE083 /* VSOP2013p8.cpp */; };
		A34D209728D3A04B0005A5F1 /* ELPMPP02.cpp in Sources */ = {isa = PBXBuildFile; fileRef = A31EBE9E2457C231005C863E /* ELPMPP02.cpp */; };
		A34D209828D3A04B0005A5F1 /* VSOP2013p5.cpp in Sources */ = {isa = PBXBuildFile; fileRef = A3C22D1424574892004CE083 /* VSOP2013p5.cpp */; };
		A34D209928D3A04B0005A5F1 /* VSOP2013p2.cpp in Sources */ = {isa = PBXBuildFile; fileRef = A3C22D1124574892004CE083 /* VSOP2013p2.cpp */; };
		A34D209A28D3A04B0005A5F1 /* VSOP2013p1.cpp in Sources */ = {isa = PBXBuildFile; fileRef = A3C22D1324574892004CE083 /* VSOP2013p1.cpp */; };
		A34D209B28D3A04B0005A5F1 /* VSOP2013.cpp in Sources */ = {isa = PBXBuildFile; fileRef = A3C22CFA24574695004CE083 /* VSOP2013.cpp */; };
		A34D209C28D3A04B0005A5F1 /* VSOP2013p3.cpp in Sources */ = {isa = PBXBuildFile; fileRef = A3C22D1024574892004CE083 /* VSOP2013p3.cpp */; };
		A34D209D28D3A04B0005A5F1 /* VSOP2013p7.cpp in Sources */ = {isa = PBXBuildFile; fileRef = A3C22D0F24574892004CE083 /* VSOP2013p7.cpp */; };
		A34D209E28D3A04B0005A5F1 /* VSOP2013p9.cpp in Sources */ = {isa = PBXBuildFile; fileRef = A3C22D0C24574892004CE083 /* VSOP2013p9.cpp */; };
		A34D209F28D3A0630005A5F1 /* SSJPLDEphemeris.cpp in Sources */ = {isa = PBXBuildFile; fileRef = A358CF10243779F200B39D5C /* SSJPLDEphemeris.cpp */; };
		A34D20A028D3A07E0005A5F1 /* SSImportTYC.cpp in Sources */ = {isa = PBXBuildFile; fileRef = A37E084628D399B600489544 /* SSImportTYC.cpp */; };
		A357CAA924E233B70007264B /* SSHTM.cpp in Sources */ = {isa = PBXBuildFile; fileRef = A357CAA724E233B70007264B /* SSHTM.cpp */; };
		A358CF12243779F200B39D5C /* SSJPLDEphemeris.cpp in Sources */ = {isa = PBXBuildFile; fileRef = A358CF10243779F200B39D5C /* SSJPLDEphemeris.cpp */; };
		A358D99D24147D3E009078A6 /* SSOrbit.cpp in Sources */ = {isa = PBXBuildFile; fileRef = A358D99B24147D3E009078A6 /* SSOrbit.cpp */; };
		A35D2B4A24293BF80092DEA5 /* SSUtilities.cpp in Sources */ = {isa = PBXBuildFile; fileRef = A35D2B4824293BF80092DEA5 /* SSUtilities.cpp */; };
		A35D2B4D242941B80092DEA5 /* SSImportHIP.cpp in Sources */ = {isa = PBXBuildFile; fileRef = A35D2B4B242941B80092DEA5 /* SSImportHIP.cpp */; };
		A35D2B50242951D30092DEA5 /* SSImportSKY2000.cpp in Sources */ = {isa = PBXBuildFile; fileRef = A35D2B4E242951D30092DEA5 /* SSImportSKY2000.cpp */; };
		A36B14BE263785E20058BF62 /* SSImportWDS.cpp in Sources */ = {isa = PBXBuildFile; fileRef = A36B14BC263785E20058BF62 /* SSImportWDS.cpp */; };
		A36E2195242A7CF6005C9699 /* SSImportMPC.cpp in Sources */ = {isa = PBXBuildFile; fileRef = A36E2193242A7CF6005C9699 /* SSImportMPC.cpp */; };
		A36F9198240979770038FE04 /* SSCoordinates.cpp in Sources */ = {isa = PBXBuildFile; fileRef = A36F9196240979770038FE04 /* SSCoordinates.cpp */; };
		A3783D552B9CD9B3007AD7E7 /* SSTLETest.cpp in Sources */ = {isa = PBXBuildFile; fileRef = A3783D482B9CD8E4007AD7E7 /* SSTLETest.cpp */; };
		A3783D562B9CE001007AD7E7 /* SSTLE.cpp in Sources */ = {isa = PBXBuildFile; fileRef = A33E45B62438E7F900C15780 /* SSTLE.cpp */; };
		A3783D572B9CE01F007AD7E7 /* SSVector.cpp in Sources */ = {isa = PBXBuildFile; fileRef = 4703A87E2404EF0800BDD11C /* SSVector.cpp */; };
		A3783D582B9CE0A9007AD7E7 /* SSUtilities.cpp in Sources */ = {isa = PBXBuildFile; fileRef = A35D2B4824293BF80092DEA5 /* SSUtilities.cpp */; };
		A3783D5A2B9CE126007AD7E7 /* SSTime.cpp in Sources */ = {isa = PBXBuildFile; fileRef = 4703A8862404EF7F00BDD11C /* SSTime.cpp */; };
		A3783D5B2B9CE445007AD7E7 /* SSMatrix.cpp in Sources */ = {isa = PBXBuildFile; fileRef = 4703A8822404EF3800BDD11C /* SSMatrix.cpp */; };
		A3783D5C2B9CE451007AD7E7 /* SSOrbit.cpp in Sources */ = {isa = PBXBuildFile; fileRef = A358D99B24147D3E009078A6 /* SSOrbit.cpp */; };
		A378CE9B243A482000F4B018 /* SSTest.cpp in Sources */ = {isa = PBXBuildFile; fileRef = A378CE9A243A482000F4B018 /* SSTest.cpp */; };
		A37E084D28D399B600489544 /* SSSerial.cpp in Sources */ = {isa = PBXBuildFile; fileRef = A37E084128D399B600489544 /* SSSerial.cpp */; };
		A37E084E28D399B600489544 /* SSVPEphemeris.cpp in Sources */ = {isa = PBXBuildFile; fileRef = A37E084328D399B600489544 /* SSVPEphemeris.cpp */; };
		A37E084F28D399B600489544 /* SSSocket.cpp in Sources */ = {isa = PBXBuildFile; fileRef = A37E084528D399B600489544 /* SSSocket.cpp */; };
		A37E085128D399B600489544 /* SSImportJPL.cpp in Sources */ = {isa = PBXBuildFile; fileRef = A37E084828D399B600489544 /* SSImportJPL.cpp */; };
		A37E085228D399B600489544 /* SSMount.cpp in Sources */ = {isa = PBXBuildFile; fileRef = A37E084C28D399B600489544 /* SSMount.cpp */; };
		A37E085428D399D600489544 /* SSVPEphemeris.cpp in Sources */ = {isa = PBXBuildFile; fileRef = A37E084328D399B600489544 /* SSVPEphemeris.cpp */; };
		A3848E992450E9CD0085973F /* SSMoonEphemeris.cpp in Sources */ = {isa = PBXBuildFile; fileRef = A3848E972450E9CD0085973F /* SSMoonEphemeris.cpp */; };
		A388CCDC24CF7EAB009EA2CA /* SSView.cpp in Sources */ = {isa = PBXBuildFile; fileRef = A388CCDA24CF7EAB009EA2CA /* SSView.cpp */; };
		A39A54C0244BDBD00010334B /* SSEvent.cpp in Sources */ = {isa = PBXBuildFile; fileRef = A39A54BE244BDBD00010334B /* SSEvent.cpp */; };
		A3AAE7B3242972E70035E668 /* SSImportNGCIC.cpp in Sources */ = {isa = PBXBuildFile; fileRef = A3AAE7B1242972E70035E668 /* SSImportNGCIC.cpp */; };
		A3BEBE9A29CA59F10048AAFA /* SSMountModel.cpp in Sources */ = {isa = PBXBuildFile; fileRef = A3BEBE9829CA59F10048AAFA /* SSMountModel.cpp */; };
		A3BEBE9B29CA59F10048AAFA /* SSMountModel.cpp in Sources */ = {isa = PBXBuildFile; fileRef = A3BEBE9829CA59F10048AAFA /* SSMountModel.cpp */; };
		A3BFC838242BEDB2001CBE62 /* SSConstellation.cpp in Sources */ = {isa = PBXBuildFile; fileRef = A3BFC836242BEDB2001CBE62 /* SSConstellation.cpp */; };
		A3C22D0424574695004CE083 /* VSOP2013.cpp in Sources */ = {isa = PBXBuildFile; fileRef = A3C22CFA24574695004CE083 /* VSOP2013.cpp */; };
		A3C22D1524574892004CE083 /* VSOP2013p9.cpp in Sources */ = {isa = PBXBuildFile; fileRef = A3C22D0C24574892004CE083 /* VSOP2013p9.cpp */; };
		A3C22D1624574892004CE083 /* VSOP2013p6.cpp in Sources */ = {isa = PBXBuildFile; fileRef = A3C22D0D24574892004CE083 /* VSOP2013p6.cpp */; };
		A3C22D1724574892004CE083 /* VSOP2013p4.cpp in Sources */ = {isa = PBXBuildFile; fileRef = A3C22D0E24574892004CE083 /* VSOP2013p4.cpp */; };
		A3C22D1824574892004CE083 /* VSOP2013p7.cpp in Sources */ = {isa = PBXBuildFile; fileRef = A3C22D0F24574892004CE083 /* VSOP2013p7.cpp */; };
		A3C22D1924574892004CE083 /* VSOP2013p3.cpp in Sources */ = {isa = PBXBuildFile; fileRef = A3C22D1024574892004CE083 /* VSOP2013p3.cpp */; };
		A3C22D1A24574892004CE083 /* VSOP2013p2.cpp in Sources */ = {isa = PBXBuildFile; fileRef = A3C22D1124574892004CE083 /* VSOP2013p2.cpp */; };
		A3C22D1B24574892004CE083 /* VSOP2013p8.cpp in Sources */ = {isa = PBXBuildFile; fileRef = A3C22D1224574892004CE083 /* VSOP2013p8.cpp */; };
		A3C22D1C24574892004CE083 /* VSOP2013p1.cpp in Sources */ = {isa = PBXBuildFile; fileRef = A3C22D1324574892004CE083 /* VSOP2013p1.cpp */; };
		A3C22D1D24574892004CE083 /* VSOP2013p5.cpp in Sources */ = {isa = PBXBuildFile; fileRef = A3C22D1424574892004CE083 /* VSOP2013p5.cpp */; };
		A3E524A42B9D051500F012B3 /* SSAngle.cpp in Sources */ = {isa = PBXBuildFile; fileRef = 4703A87C2404EEEA00BDD11C /* SSAngle.cpp */; };
		A3ED2F90244614A00040ECE5 /* SSPSEphemeris.cpp in Sources */ = {isa = PBXBuildFile; fileRef = A3ED2F8E244614A00040ECE5 /* SSPSEphemeris.cpp */; };
		A3F759A8242EEB9300FCDE16 /* SSImportGJ.cpp in Sources */ = {isa = PBXBuildFile; fileRef = A3F759A6242EEB9300FCDE16 /* SSImportGJ.cpp */; };
/* End PBXBuildFile section */

/* Begin PBXCopyFilesBuildPhase section */
		A304AA812B105B6B003E50AA /* CopyFiles */ = {
			isa = PBXCopyFilesBuildPhase;
			buildActionMask = 2147483647;
			dstPath = /usr/share/man/man1/;
			dstSubfolderSpec = 0;
			files = (
			);
			runOnlyForDeploymentPostprocessing = 1;
		};
		A328D72F2402DBFD00BCE781 /* CopyFiles */ = {
			isa = PBXCopyFilesBuildPhase;
			buildActionMask = 2147483647;
			dstPath = /usr/share/man/man1/;
			dstSubfolderSpec = 0;
			files = (
			);
			runOnlyForDeploymentPostprocessing = 1;
		};
		A3783D4C2B9CD995007AD7E7 /* CopyFiles */ = {
			isa = PBXCopyFilesBuildPhase;
			buildActionMask = 2147483647;
			dstPath = /usr/share/man/man1/;
			dstSubfolderSpec = 0;
			files = (
			);
			runOnlyForDeploymentPostprocessing = 1;
		};
		A37E083628D3990400489544 /* CopyFiles */ = {
			isa = PBXCopyFilesBuildPhase;
			buildActionMask = 2147483647;
			dstPath = /usr/share/man/man1/;
			dstSubfolderSpec = 0;
			files = (
			);
			runOnlyForDeploymentPostprocessing = 1;
		};
/* End PBXCopyFilesBuildPhase section */

/* Begin PBXFileReference section */
		27706A4A2565BC5E003C221A /* SSFeature.cpp */ = {isa = PBXFileReference; fileEncoding = 4; lastKnownFileType = sourcecode.cpp.cpp; path = SSFeature.cpp; sourceTree = "<group>"; };
		27706A4B2565BC5E003C221A /* SSFeature.hpp */ = {isa = PBXFileReference; fileEncoding = 4; lastKnownFileType = sourcecode.cpp.h; path = SSFeature.hpp; sourceTree = "<group>"; };
		4703A87B2404EEEA00BDD11C /* SSAngle.hpp */ = {isa = PBXFileReference; fileEncoding = 4; lastKnownFileType = sourcecode.cpp.h; path = SSAngle.hpp; sourceTree = "<group>"; };
		4703A87C2404EEEA00BDD11C /* SSAngle.cpp */ = {isa = PBXFileReference; fileEncoding = 4; lastKnownFileType = sourcecode.cpp.cpp; path = SSAngle.cpp; sourceTree = "<group>"; };
		4703A87E2404EF0800BDD11C /* SSVector.cpp */ = {isa = PBXFileReference; fileEncoding = 4; lastKnownFileType = sourcecode.cpp.cpp; path = SSVector.cpp; sourceTree = "<group>"; };
		4703A87F2404EF0800BDD11C /* SSVector.hpp */ = {isa = PBXFileReference; fileEncoding = 4; lastKnownFileType = sourcecode.cpp.h; path = SSVector.hpp; sourceTree = "<group>"; };
		4703A8812404EF3800BDD11C /* SSMatrix.hpp */ = {isa = PBXFileReference; fileEncoding = 4; lastKnownFileType = sourcecode.cpp.h; path = SSMatrix.hpp; sourceTree = "<group>"; };
		4703A8822404EF3800BDD11C /* SSMatrix.cpp */ = {isa = PBXFileReference; fileEncoding = 4; lastKnownFileType = sourcecode.cpp.cpp; path = SSMatrix.cpp; sourceTree = "<group>"; };
		4703A8862404EF7F00BDD11C /* SSTime.cpp */ = {isa = PBXFileReference; fileEncoding = 4; lastKnownFileType = sourcecode.cpp.cpp; path = SSTime.cpp; sourceTree = "<group>"; };
		4703A8872404EF7F00BDD11C /* SSTime.hpp */ = {isa = PBXFileReference; fileEncoding = 4; lastKnownFileType = sourcecode.cpp.h; path = SSTime.hpp; sourceTree = "<group>"; };
		A304AA832B105B6B003E50AA /* SSTetraTest */ = {isa = PBXFileReference; explicitFileType = "compiled.mach-o.executable"; includeInIndex = 0; path = SSTetraTest; sourceTree = BUILT_PRODUCTS_DIR; };
		A304AA8A2B105BC9003E50AA /* SSTetraTest.cpp */ = {isa = PBXFileReference; fileEncoding = 4; lastKnownFileType = sourcecode.cpp.cpp; name = SSTetraTest.cpp; path = ../SSTetraTest.cpp; sourceTree = "<group>"; };
		A304AA912B105D33003E50AA /* svdcmp.c */ = {isa = PBXFileReference; fileEncoding = 4; lastKnownFileType = sourcecode.c.c; path = svdcmp.c; sourceTree = "<group>"; };
		A304AA922B105D33003E50AA /* Tetra3.cpp */ = {isa = PBXFileReference; fileEncoding = 4; lastKnownFileType = sourcecode.cpp.cpp; path = Tetra3.cpp; sourceTree = "<group>"; };
		A304AA932B105D33003E50AA /* cnpy.cpp */ = {isa = PBXFileReference; fileEncoding = 4; lastKnownFileType = sourcecode.cpp.cpp; path = cnpy.cpp; sourceTree = "<group>"; };
		A304AA942B105D33003E50AA /* Tetra3.hpp */ = {isa = PBXFileReference; fileEncoding = 4; lastKnownFileType = sourcecode.cpp.h; path = Tetra3.hpp; sourceTree = "<group>"; };
		A304AA952B105D33003E50AA /* svdcmp.h */ = {isa = PBXFileReference; fileEncoding = 4; lastKnownFileType = sourcecode.c.h; path = svdcmp.h; sourceTree = "<group>"; };
		A304AA962B105D33003E50AA /* cnpy.h */ = {isa = PBXFileReference; fileEncoding = 4; lastKnownFileType = sourcecode.c.h; path = cnpy.h; sourceTree = "<group>"; };
		A304AA9A2B105F68003E50AA /* libz.tbd */ = {isa = PBXFileReference; lastKnownFileType = "sourcecode.text-based-dylib-definition"; name = libz.tbd; path = usr/lib/libz.tbd; sourceTree = SDKROOT; };
		A30545C0241EDBB400197F8A /* SSObject.cpp */ = {isa = PBXFileReference; lastKnownFileType = sourcecode.cpp.cpp; path = SSObject.cpp; sourceTree = "<group>"; };
		A30545C1241EDBB400197F8A /* SSObject.hpp */ = {isa = PBXFileReference; lastKnownFileType = sourcecode.cpp.h; path = SSObject.hpp; sourceTree = "<group>"; };
		A30545C3241EE07900197F8A /* SSPlanet.cpp */ = {isa = PBXFileReference; lastKnownFileType = sourcecode.cpp.cpp; path = SSPlanet.cpp; sourceTree = "<group>"; };
		A30545C4241EE07900197F8A /* SSPlanet.hpp */ = {isa = PBXFileReference; lastKnownFileType = sourcecode.cpp.h; path = SSPlanet.hpp; sourceTree = "<group>"; };
		A30545C6241EF45000197F8A /* SSStar.cpp */ = {isa = PBXFileReference; lastKnownFileType = sourcecode.cpp.cpp; path = SSStar.cpp; sourceTree = "<group>"; };
		A30545C7241EF45000197F8A /* SSStar.hpp */ = {isa = PBXFileReference; lastKnownFileType = sourcecode.cpp.h; path = SSStar.hpp; sourceTree = "<group>"; };
		A307FB07297A31E7003E30AD /* SSImportTLE.cpp */ = {isa = PBXFileReference; fileEncoding = 4; lastKnownFileType = sourcecode.cpp.cpp; path = SSImportTLE.cpp; sourceTree = "<group>"; };
		A307FB08297A31E7003E30AD /* SSImportTLE.hpp */ = {isa = PBXFileReference; fileEncoding = 4; lastKnownFileType = sourcecode.cpp.h; path = SSImportTLE.hpp; sourceTree = "<group>"; };
		A30C7A4824251E96004FEF82 /* SSIdentifier.cpp */ = {isa = PBXFileReference; lastKnownFileType = sourcecode.cpp.cpp; path = SSIdentifier.cpp; sourceTree = "<group>"; };
		A30C7A4924251E96004FEF82 /* SSIdentifier.hpp */ = {isa = PBXFileReference; lastKnownFileType = sourcecode.cpp.h; path = SSIdentifier.hpp; sourceTree = "<group>"; };
		A315D76C26370EEA00A2F317 /* SSImportGCVS.cpp */ = {isa = PBXFileReference; lastKnownFileType = sourcecode.cpp.cpp; path = SSImportGCVS.cpp; sourceTree = "<group>"; };
		A315D76D26370EEA00A2F317 /* SSImportGCVS.hpp */ = {isa = PBXFileReference; lastKnownFileType = sourcecode.cpp.h; path = SSImportGCVS.hpp; sourceTree = "<group>"; };
		A318E1B02CD5785A00B6A67C /* MountSimulator.cpp */ = {isa = PBXFileReference; lastKnownFileType = sourcecode.cpp.cpp; name = MountSimulator.cpp; path = ../MountSimulator.cpp; sourceTree = SOURCE_ROOT; };
		A31EBE9E2457C231005C863E /* ELPMPP02.cpp */ = {isa = PBXFileReference; lastKnownFileType = sourcecode.cpp.cpp; path = ELPMPP02.cpp; sourceTree = "<group>"; };
		A31EBE9F2457C231005C863E /* ELPMPP02.hpp */ = {isa = PBXFileReference; lastKnownFileType = sourcecode.cpp.h; path = ELPMPP02.hpp; sourceTree = "<group>"; };
		A328D7312402DBFD00BCE781 /* SSTest */ = {isa = PBXFileReference; explicitFileType = "compiled.mach-o.executable"; includeInIndex = 0; path = SSTest; sourceTree = BUILT_PRODUCTS_DIR; };
		A33E45B62438E7F900C15780 /* SSTLE.cpp */ = {isa = PBXFileReference; lastKnownFileType = sourcecode.cpp.cpp; path = SSTLE.cpp; sourceTree = "<group>"; };
		A33E45B72438E7F900C15780 /* SSTLE.hpp */ = {isa = PBXFileReference; lastKnownFileType = sourcecode.cpp.h; path = SSTLE.hpp; sourceTree = "<group>"; };
		A34D208028D39EAA0005A5F1 /* CoreFoundation.framework */ = {isa = PBXFileReference; lastKnownFileType = wrapper.framework; name = CoreFoundation.framework; path = System/Library/Frameworks/CoreFoundation.framework; sourceTree = SDKROOT; };
		A34D208228D39EB70005A5F1 /* IOKit.framework */ = {isa = PBXFileReference; lastKnownFileType = wrapper.framework; name = IOKit.framework; path = System/Library/Frameworks/IOKit.framework; sourceTree = SDKROOT; };
		A357CAA724E233B70007264B /* SSHTM.cpp */ = {isa = PBXFileReference; lastKnownFileType = sourcecode.cpp.cpp; path = SSHTM.cpp; sourceTree = "<group>"; };
		A357CAA824E233B70007264B /* SSHTM.hpp */ = {isa = PBXFileReference; lastKnownFileType = sourcecode.cpp.h; path = SSHTM.hpp; sourceTree = "<group>"; };
		A358CF10243779F200B39D5C /* SSJPLDEphemeris.cpp */ = {isa = PBXFileReference; lastKnownFileType = sourcecode.cpp.cpp; path = SSJPLDEphemeris.cpp; sourceTree = "<group>"; };
		A358CF11243779F200B39D5C /* SSJPLDEphemeris.hpp */ = {isa = PBXFileReference; lastKnownFileType = sourcecode.cpp.h; path = SSJPLDEphemeris.hpp; sourceTree = "<group>"; };
		A358D99B24147D3E009078A6 /* SSOrbit.cpp */ = {isa = PBXFileReference; lastKnownFileType = sourcecode.cpp.cpp; path = SSOrbit.cpp; sourceTree = "<group>"; };
		A358D99C24147D3E009078A6 /* SSOrbit.hpp */ = {isa = PBXFileReference; lastKnownFileType = sourcecode.cpp.h; path = SSOrbit.hpp; sourceTree = "<group>"; };
		A35D2B4824293BF80092DEA5 /* SSUtilities.cpp */ = {isa = PBXFileReference; lastKnownFileType = sourcecode.cpp.cpp; path = SSUtilities.cpp; sourceTree = "<group>"; };
		A35D2B4924293BF80092DEA5 /* SSUtilities.hpp */ = {isa = PBXFileReference; lastKnownFileType = sourcecode.cpp.h; path = SSUtilities.hpp; sourceTree = "<group>"; };
		A35D2B4B242941B80092DEA5 /* SSImportHIP.cpp */ = {isa = PBXFileReference; lastKnownFileType = sourcecode.cpp.cpp; path = SSImportHIP.cpp; sourceTree = "<group>"; };
		A35D2B4C242941B80092DEA5 /* SSImportHIP.hpp */ = {isa = PBXFileReference; lastKnownFileType = sourcecode.cpp.h; path = SSImportHIP.hpp; sourceTree = "<group>"; };
		A35D2B4E242951D30092DEA5 /* SSImportSKY2000.cpp */ = {isa = PBXFileReference; lastKnownFileType = sourcecode.cpp.cpp; path = SSImportSKY2000.cpp; sourceTree = "<group>"; };
		A35D2B4F242951D30092DEA5 /* SSImportSKY2000.hpp */ = {isa = PBXFileReference; lastKnownFileType = sourcecode.cpp.h; path = SSImportSKY2000.hpp; sourceTree = "<group>"; };
		A36B14BC263785E20058BF62 /* SSImportWDS.cpp */ = {isa = PBXFileReference; lastKnownFileType = sourcecode.cpp.cpp; path = SSImportWDS.cpp; sourceTree = "<group>"; };
		A36B14BD263785E20058BF62 /* SSImportWDS.hpp */ = {isa = PBXFileReference; lastKnownFileType = sourcecode.cpp.h; path = SSImportWDS.hpp; sourceTree = "<group>"; };
		A36E2193242A7CF6005C9699 /* SSImportMPC.cpp */ = {isa = PBXFileReference; lastKnownFileType = sourcecode.cpp.cpp; path = SSImportMPC.cpp; sourceTree = "<group>"; };
		A36E2194242A7CF6005C9699 /* SSImportMPC.hpp */ = {isa = PBXFileReference; lastKnownFileType = sourcecode.cpp.h; path = SSImportMPC.hpp; sourceTree = "<group>"; };
		A36F9196240979770038FE04 /* SSCoordinates.cpp */ = {isa = PBXFileReference; lastKnownFileType = sourcecode.cpp.cpp; path = SSCoordinates.cpp; sourceTree = "<group>"; };
		A36F9197240979770038FE04 /* SSCoordinates.hpp */ = {isa = PBXFileReference; lastKnownFileType = sourcecode.cpp.h; path = SSCoordinates.hpp; sourceTree = "<group>"; };
		A3783D482B9CD8E4007AD7E7 /* SSTLETest.cpp */ = {isa = PBXFileReference; lastKnownFileType = sourcecode.cpp.cpp; name = SSTLETest.cpp; path = ../SSTLETest.cpp; sourceTree = "<group>"; };
		A3783D4E2B9CD995007AD7E7 /* SSTLETest */ = {isa = PBXFileReference; explicitFileType = "compiled.mach-o.executable"; includeInIndex = 0; path = SSTLETest; sourceTree = BUILT_PRODUCTS_DIR; };
		A378CE9A243A482000F4B018 /* SSTest.cpp */ = {isa = PBXFileReference; fileEncoding = 4; lastKnownFileType = sourcecode.cpp.cpp; name = SSTest.cpp; path = ../SSTest.cpp; sourceTree = "<group>"; };
		A37E083828D3990400489544 /* SSMountTest */ = {isa = PBXFileReference; explicitFileType = "compiled.mach-o.executable"; includeInIndex = 0; path = SSMountTest; sourceTree = BUILT_PRODUCTS_DIR; };
		A37E083F28D3995000489544 /* SSMountTest.cpp */ = {isa = PBXFileReference; fileEncoding = 4; lastKnownFileType = sourcecode.cpp.cpp; name = SSMountTest.cpp; path = ../SSMountTest.cpp; sourceTree = "<group>"; };
		A37E084128D399B600489544 /* SSSerial.cpp */ = {isa = PBXFileReference; fileEncoding = 4; lastKnownFileType = sourcecode.cpp.cpp; path = SSSerial.cpp; sourceTree = "<group>"; };
		A37E084228D399B600489544 /* SSSocket.hpp */ = {isa = PBXFileReference; fileEncoding = 4; lastKnownFileType = sourcecode.cpp.h; path = SSSocket.hpp; sourceTree = "<group>"; };
		A37E084328D399B600489544 /* SSVPEphemeris.cpp */ = {isa = PBXFileReference; fileEncoding = 4; lastKnownFileType = sourcecode.cpp.cpp; path = SSVPEphemeris.cpp; sourceTree = "<group>"; };
		A37E084428D399B600489544 /* SSVPEphemeris.hpp */ = {isa = PBXFileReference; fileEncoding = 4; lastKnownFileType = sourcecode.cpp.h; path = SSVPEphemeris.hpp; sourceTree = "<group>"; };
		A37E084528D399B600489544 /* SSSocket.cpp */ = {isa = PBXFileReference; fileEncoding = 4; lastKnownFileType = sourcecode.cpp.cpp; path = SSSocket.cpp; sourceTree = "<group>"; };
		A37E084628D399B600489544 /* SSImportTYC.cpp */ = {isa = PBXFileReference; fileEncoding = 4; lastKnownFileType = sourcecode.cpp.cpp; path = SSImportTYC.cpp; sourceTree = "<group>"; };
		A37E084728D399B600489544 /* SSMount.hpp */ = {isa = PBXFileReference; fileEncoding = 4; lastKnownFileType = sourcecode.cpp.h; path = SSMount.hpp; sourceTree = "<group>"; };
		A37E084828D399B600489544 /* SSImportJPL.cpp */ = {isa = PBXFileReference; fileEncoding = 4; lastKnownFileType = sourcecode.cpp.cpp; path = SSImportJPL.cpp; sourceTree = "<group>"; };
		A37E084928D399B600489544 /* SSImportJPL.hpp */ = {isa = PBXFileReference; fileEncoding = 4; lastKnownFileType = sourcecode.cpp.h; path = SSImportJPL.hpp; sourceTree = "<group>"; };
		A37E084A28D399B600489544 /* SSImportTYC.hpp */ = {isa = PBXFileReference; fileEncoding = 4; lastKnownFileType = sourcecode.cpp.h; path = SSImportTYC.hpp; sourceTree = "<group>"; };
		A37E084B28D399B600489544 /* SSSerial.hpp */ = {isa = PBXFileReference; fileEncoding = 4; lastKnownFileType = sourcecode.cpp.h; path = SSSerial.hpp; sourceTree = "<group>"; };
		A37E084C28D399B600489544 /* SSMount.cpp */ = {isa = PBXFileReference; fileEncoding = 4; lastKnownFileType = sourcecode.cpp.cpp; path = SSMount.cpp; sourceTree = "<group>"; };
		A3848E972450E9CD0085973F /* SSMoonEphemeris.cpp */ = {isa = PBXFileReference; lastKnownFileType = sourcecode.cpp.cpp; path = SSMoonEphemeris.cpp; sourceTree = "<group>"; };
		A3848E982450E9CD0085973F /* SSMoonEphemeris.hpp */ = {isa = PBXFileReference; lastKnownFileType = sourcecode.cpp.h; path = SSMoonEphemeris.hpp; sourceTree = "<group>"; };
		A388CCDA24CF7EAB009EA2CA /* SSView.cpp */ = {isa = PBXFileReference; fileEncoding = 4; lastKnownFileType = sourcecode.cpp.cpp; path = SSView.cpp; sourceTree = "<group>"; };
		A388CCDB24CF7EAB009EA2CA /* SSView.hpp */ = {isa = PBXFileReference; fileEncoding = 4; lastKnownFileType = sourcecode.cpp.h; path = SSView.hpp; sourceTree = "<group>"; };
		A39A54BE244BDBD00010334B /* SSEvent.cpp */ = {isa = PBXFileReference; lastKnownFileType = sourcecode.cpp.cpp; path = SSEvent.cpp; sourceTree = "<group>"; };
		A39A54BF244BDBD00010334B /* SSEvent.hpp */ = {isa = PBXFileReference; lastKnownFileType = sourcecode.cpp.h; path = SSEvent.hpp; sourceTree = "<group>"; };
		A3AAE7B1242972E70035E668 /* SSImportNGCIC.cpp */ = {isa = PBXFileReference; lastKnownFileType = sourcecode.cpp.cpp; path = SSImportNGCIC.cpp; sourceTree = "<group>"; };
		A3AAE7B2242972E70035E668 /* SSImportNGCIC.hpp */ = {isa = PBXFileReference; lastKnownFileType = sourcecode.cpp.h; path = SSImportNGCIC.hpp; sourceTree = "<group>"; };
		A3BEBE9829CA59F10048AAFA /* SSMountModel.cpp */ = {isa = PBXFileReference; lastKnownFileType = sourcecode.cpp.cpp; path = SSMountModel.cpp; sourceTree = "<group>"; };
		A3BEBE9929CA59F10048AAFA /* SSMountModel.hpp */ = {isa = PBXFileReference; lastKnownFileType = sourcecode.cpp.h; path = SSMountModel.hpp; sourceTree = "<group>"; };
		A3BFC836242BEDB2001CBE62 /* SSConstellation.cpp */ = {isa = PBXFileReference; lastKnownFileType = sourcecode.cpp.cpp; path = SSConstellation.cpp; sourceTree = "<group>"; };
		A3BFC837242BEDB2001CBE62 /* SSConstellation.hpp */ = {isa = PBXFileReference; lastKnownFileType = sourcecode.cpp.h; path = SSConstellation.hpp; sourceTree = "<group>"; };
		A3C22CF924574695004CE083 /* VSOP2013.hpp */ = {isa = PBXFileReference; fileEncoding = 4; lastKnownFileType = sourcecode.cpp.h; path = VSOP2013.hpp; sourceTree = "<group>"; };
		A3C22CFA24574695004CE083 /* VSOP2013.cpp */ = {isa = PBXFileReference; fileEncoding = 4; lastKnownFileType = sourcecode.cpp.cpp; path = VSOP2013.cpp; sourceTree = "<group>"; };
		A3C22D0C24574892004CE083 /* VSOP2013p9.cpp */ = {isa = PBXFileReference; fileEncoding = 4; lastKnownFileType = sourcecode.cpp.cpp; path = VSOP2013p9.cpp; sourceTree = "<group>"; };
		A3C22D0D24574892004CE083 /* VSOP2013p6.cpp */ = {isa = PBXFileReference; fileEncoding = 4; lastKnownFileType = sourcecode.cpp.cpp; path = VSOP2013p6.cpp; sourceTree = "<group>"; };
		A3C22D0E24574892004CE083 /* VSOP2013p4.cpp */ = {isa = PBXFileReference; fileEncoding = 4; lastKnownFileType = sourcecode.cpp.cpp; path = VSOP2013p4.cpp; sourceTree = "<group>"; };
		A3C22D0F24574892004CE083 /* VSOP2013p7.cpp */ = {isa = PBXFileReference; fileEncoding = 4; lastKnownFileType = sourcecode.cpp.cpp; path = VSOP2013p7.cpp; sourceTree = "<group>"; };
		A3C22D1024574892004CE083 /* VSOP2013p3.cpp */ = {isa = PBXFileReference; fileEncoding = 4; lastKnownFileType = sourcecode.cpp.cpp; path = VSOP2013p3.cpp; sourceTree = "<group>"; };
		A3C22D1124574892004CE083 /* VSOP2013p2.cpp */ = {isa = PBXFileReference; fileEncoding = 4; lastKnownFileType = sourcecode.cpp.cpp; path = VSOP2013p2.cpp; sourceTree = "<group>"; };
		A3C22D1224574892004CE083 /* VSOP2013p8.cpp */ = {isa = PBXFileReference; fileEncoding = 4; lastKnownFileType = sourcecode.cpp.cpp; path = VSOP2013p8.cpp; sourceTree = "<group>"; };
		A3C22D1324574892004CE083 /* VSOP2013p1.cpp */ = {isa = PBXFileReference; fileEncoding = 4; lastKnownFileType = sourcecode.cpp.cpp; path = VSOP2013p1.cpp; sourceTree = "<group>"; };
		A3C22D1424574892004CE083 /* VSOP2013p5.cpp */ = {isa = PBXFileReference; fileEncoding = 4; lastKnownFileType = sourcecode.cpp.cpp; path = VSOP2013p5.cpp; sourceTree = "<group>"; };
		A3ED2F8E244614A00040ECE5 /* SSPSEphemeris.cpp */ = {isa = PBXFileReference; lastKnownFileType = sourcecode.cpp.cpp; path = SSPSEphemeris.cpp; sourceTree = "<group>"; };
		A3ED2F8F244614A00040ECE5 /* SSPSEphemeris.hpp */ = {isa = PBXFileReference; lastKnownFileType = sourcecode.cpp.h; path = SSPSEphemeris.hpp; sourceTree = "<group>"; };
		A3F759A6242EEB9300FCDE16 /* SSImportGJ.cpp */ = {isa = PBXFileReference; lastKnownFileType = sourcecode.cpp.cpp; path = SSImportGJ.cpp; sourceTree = "<group>"; };
		A3F759A7242EEB9300FCDE16 /* SSImportGJ.hpp */ = {isa = PBXFileReference; lastKnownFileType = sourcecode.cpp.h; path = SSImportGJ.hpp; sourceTree = "<group>"; };
/* End PBXFileReference section */

/* Begin PBXFrameworksBuildPhase section */
		A304AA802B105B6B003E50AA /* Frameworks */ = {
			isa = PBXFrameworksBuildPhase;
			buildActionMask = 2147483647;
			files = (
				A304AA9B2B105F68003E50AA /* libz.tbd in Frameworks */,
			);
			runOnlyForDeploymentPostprocessing = 0;
		};
		A328D72E2402DBFD00BCE781 /* Frameworks */ = {
			isa = PBXFrameworksBuildPhase;
			buildActionMask = 2147483647;
			files = (
			);
			runOnlyForDeploymentPostprocessing = 0;
		};
		A3783D4B2B9CD995007AD7E7 /* Frameworks */ = {
			isa = PBXFrameworksBuildPhase;
			buildActionMask = 2147483647;
			files = (
			);
			runOnlyForDeploymentPostprocessing = 0;
		};
		A37E083528D3990400489544 /* Frameworks */ = {
			isa = PBXFrameworksBuildPhase;
			buildActionMask = 2147483647;
			files = (
				A34D208128D39EAA0005A5F1 /* CoreFoundation.framework in Frameworks */,
				A34D208328D39EB70005A5F1 /* IOKit.framework in Frameworks */,
			);
			runOnlyForDeploymentPostprocessing = 0;
		};
/* End PBXFrameworksBuildPhase section */

/* Begin PBXGroup section */
		A304AA902B105D33003E50AA /* Tetra3 */ = {
			isa = PBXGroup;
			children = (
				A304AA942B105D33003E50AA /* Tetra3.hpp */,
				A304AA922B105D33003E50AA /* Tetra3.cpp */,
				A304AA962B105D33003E50AA /* cnpy.h */,
				A304AA932B105D33003E50AA /* cnpy.cpp */,
				A304AA952B105D33003E50AA /* svdcmp.h */,
				A304AA912B105D33003E50AA /* svdcmp.c */,
			);
			path = Tetra3;
			sourceTree = "<group>";
		};
		A328D7282402DBFD00BCE781 = {
			isa = PBXGroup;
			children = (
				A3783D482B9CD8E4007AD7E7 /* SSTLETest.cpp */,
				A378CE9A243A482000F4B018 /* SSTest.cpp */,
				A37E083F28D3995000489544 /* SSMountTest.cpp */,
				A318E1B02CD5785A00B6A67C /* MountSimulator.cpp */,
				A304AA8A2B105BC9003E50AA /* SSTetraTest.cpp */,
				A328D7332402DBFD00BCE781 /* SSCode */,
				A34D207F28D39E5C0005A5F1 /* Frameworks */,
				A328D7322402DBFD00BCE781 /* Products */,
			);
			sourceTree = "<group>";
		};
		A328D7322402DBFD00BCE781 /* Products */ = {
			isa = PBXGroup;
			children = (
				A328D7312402DBFD00BCE781 /* SSTest */,
				A37E083828D3990400489544 /* SSMountTest */,
				A304AA832B105B6B003E50AA /* SSTetraTest */,
				A3783D4E2B9CD995007AD7E7 /* SSTLETest */,
			);
			name = Products;
			sourceTree = "<group>";
		};
		A328D7332402DBFD00BCE781 /* SSCode */ = {
			isa = PBXGroup;
			children = (
				4703A87C2404EEEA00BDD11C /* SSAngle.cpp */,
				4703A87B2404EEEA00BDD11C /* SSAngle.hpp */,
				A3BFC836242BEDB2001CBE62 /* SSConstellation.cpp */,
				A3BFC837242BEDB2001CBE62 /* SSConstellation.hpp */,
				A36F9196240979770038FE04 /* SSCoordinates.cpp */,
				A36F9197240979770038FE04 /* SSCoordinates.hpp */,
				A39A54BE244BDBD00010334B /* SSEvent.cpp */,
				A39A54BF244BDBD00010334B /* SSEvent.hpp */,
				27706A4A2565BC5E003C221A /* SSFeature.cpp */,
				27706A4B2565BC5E003C221A /* SSFeature.hpp */,
				A357CAA724E233B70007264B /* SSHTM.cpp */,
				A357CAA824E233B70007264B /* SSHTM.hpp */,
				A30C7A4824251E96004FEF82 /* SSIdentifier.cpp */,
				A30C7A4924251E96004FEF82 /* SSIdentifier.hpp */,
				A37E084828D399B600489544 /* SSImportJPL.cpp */,
				A37E084928D399B600489544 /* SSImportJPL.hpp */,
				A315D76C26370EEA00A2F317 /* SSImportGCVS.cpp */,
				A315D76D26370EEA00A2F317 /* SSImportGCVS.hpp */,
				A3F759A6242EEB9300FCDE16 /* SSImportGJ.cpp */,
				A3F759A7242EEB9300FCDE16 /* SSImportGJ.hpp */,
				A35D2B4B242941B80092DEA5 /* SSImportHIP.cpp */,
				A35D2B4C242941B80092DEA5 /* SSImportHIP.hpp */,
				A35D2B4E242951D30092DEA5 /* SSImportSKY2000.cpp */,
				A35D2B4F242951D30092DEA5 /* SSImportSKY2000.hpp */,
				A36E2193242A7CF6005C9699 /* SSImportMPC.cpp */,
				A36E2194242A7CF6005C9699 /* SSImportMPC.hpp */,
				A3AAE7B1242972E70035E668 /* SSImportNGCIC.cpp */,
				A3AAE7B2242972E70035E668 /* SSImportNGCIC.hpp */,
				A307FB07297A31E7003E30AD /* SSImportTLE.cpp */,
				A307FB08297A31E7003E30AD /* SSImportTLE.hpp */,
				A37E084628D399B600489544 /* SSImportTYC.cpp */,
				A37E084A28D399B600489544 /* SSImportTYC.hpp */,
				A36B14BC263785E20058BF62 /* SSImportWDS.cpp */,
				A36B14BD263785E20058BF62 /* SSImportWDS.hpp */,
				A358CF10243779F200B39D5C /* SSJPLDEphemeris.cpp */,
				A358CF11243779F200B39D5C /* SSJPLDEphemeris.hpp */,
				4703A8822404EF3800BDD11C /* SSMatrix.cpp */,
				4703A8812404EF3800BDD11C /* SSMatrix.hpp */,
				A37E084C28D399B600489544 /* SSMount.cpp */,
				A37E084728D399B600489544 /* SSMount.hpp */,
				A3BEBE9829CA59F10048AAFA /* SSMountModel.cpp */,
				A3BEBE9929CA59F10048AAFA /* SSMountModel.hpp */,
				A3848E972450E9CD0085973F /* SSMoonEphemeris.cpp */,
				A3848E982450E9CD0085973F /* SSMoonEphemeris.hpp */,
				A30545C0241EDBB400197F8A /* SSObject.cpp */,
				A30545C1241EDBB400197F8A /* SSObject.hpp */,
				A358D99B24147D3E009078A6 /* SSOrbit.cpp */,
				A358D99C24147D3E009078A6 /* SSOrbit.hpp */,
				A30545C3241EE07900197F8A /* SSPlanet.cpp */,
				A30545C4241EE07900197F8A /* SSPlanet.hpp */,
				A3ED2F8E244614A00040ECE5 /* SSPSEphemeris.cpp */,
				A3ED2F8F244614A00040ECE5 /* SSPSEphemeris.hpp */,
				A37E084128D399B600489544 /* SSSerial.cpp */,
				A37E084B28D399B600489544 /* SSSerial.hpp */,
				A37E084528D399B600489544 /* SSSocket.cpp */,
				A37E084228D399B600489544 /* SSSocket.hpp */,
				A30545C6241EF45000197F8A /* SSStar.cpp */,
				A30545C7241EF45000197F8A /* SSStar.hpp */,
				4703A8862404EF7F00BDD11C /* SSTime.cpp */,
				4703A8872404EF7F00BDD11C /* SSTime.hpp */,
				A33E45B62438E7F900C15780 /* SSTLE.cpp */,
				A33E45B72438E7F900C15780 /* SSTLE.hpp */,
				A35D2B4824293BF80092DEA5 /* SSUtilities.cpp */,
				A35D2B4924293BF80092DEA5 /* SSUtilities.hpp */,
				4703A87E2404EF0800BDD11C /* SSVector.cpp */,
				4703A87F2404EF0800BDD11C /* SSVector.hpp */,
				A388CCDA24CF7EAB009EA2CA /* SSView.cpp */,
				A388CCDB24CF7EAB009EA2CA /* SSView.hpp */,
				A37E084328D399B600489544 /* SSVPEphemeris.cpp */,
				A37E084428D399B600489544 /* SSVPEphemeris.hpp */,
				A304AA902B105D33003E50AA /* Tetra3 */,
				A3C22CF624574695004CE083 /* VSOP2013 */,
			);
			name = SSCode;
			path = ../../SSCode;
			sourceTree = SOURCE_ROOT;
		};
		A34D207F28D39E5C0005A5F1 /* Frameworks */ = {
			isa = PBXGroup;
			children = (
				A304AA9A2B105F68003E50AA /* libz.tbd */,
				A34D208028D39EAA0005A5F1 /* CoreFoundation.framework */,
				A34D208228D39EB70005A5F1 /* IOKit.framework */,
			);
			name = Frameworks;
			path = /System/Library/Frameworks;
			sourceTree = "<absolute>";
		};
		A3C22CF624574695004CE083 /* VSOP2013 */ = {
			isa = PBXGroup;
			children = (
				A31EBE9E2457C231005C863E /* ELPMPP02.cpp */,
				A31EBE9F2457C231005C863E /* ELPMPP02.hpp */,
				A3C22CF924574695004CE083 /* VSOP2013.hpp */,
				A3C22CFA24574695004CE083 /* VSOP2013.cpp */,
				A3C22D1324574892004CE083 /* VSOP2013p1.cpp */,
				A3C22D1124574892004CE083 /* VSOP2013p2.cpp */,
				A3C22D1024574892004CE083 /* VSOP2013p3.cpp */,
				A3C22D0E24574892004CE083 /* VSOP2013p4.cpp */,
				A3C22D1424574892004CE083 /* VSOP2013p5.cpp */,
				A3C22D0D24574892004CE083 /* VSOP2013p6.cpp */,
				A3C22D0F24574892004CE083 /* VSOP2013p7.cpp */,
				A3C22D1224574892004CE083 /* VSOP2013p8.cpp */,
				A3C22D0C24574892004CE083 /* VSOP2013p9.cpp */,
			);
			path = VSOP2013;
			sourceTree = "<group>";
		};
/* End PBXGroup section */

/* Begin PBXNativeTarget section */
		A304AA822B105B6B003E50AA /* SSTetraTest */ = {
			isa = PBXNativeTarget;
			buildConfigurationList = A304AA892B105B6B003E50AA /* Build configuration list for PBXNativeTarget "SSTetraTest" */;
			buildPhases = (
				A304AA7F2B105B6B003E50AA /* Sources */,
				A304AA802B105B6B003E50AA /* Frameworks */,
				A304AA812B105B6B003E50AA /* CopyFiles */,
			);
			buildRules = (
			);
			dependencies = (
			);
			name = SSTetraTest;
			productName = SSTetraTest;
			productReference = A304AA832B105B6B003E50AA /* SSTetraTest */;
			productType = "com.apple.product-type.tool";
		};
		A328D7302402DBFD00BCE781 /* SSTest */ = {
			isa = PBXNativeTarget;
			buildConfigurationList = A328D7382402DBFD00BCE781 /* Build configuration list for PBXNativeTarget "SSTest" */;
			buildPhases = (
				A328D72D2402DBFD00BCE781 /* Sources */,
				A328D72E2402DBFD00BCE781 /* Frameworks */,
				A328D72F2402DBFD00BCE781 /* CopyFiles */,
			);
			buildRules = (
			);
			dependencies = (
			);
			name = SSTest;
			productName = SSCore;
			productReference = A328D7312402DBFD00BCE781 /* SSTest */;
			productType = "com.apple.product-type.tool";
		};
		A3783D4D2B9CD995007AD7E7 /* SSTLETest */ = {
			isa = PBXNativeTarget;
			buildConfigurationList = A3783D522B9CD995007AD7E7 /* Build configuration list for PBXNativeTarget "SSTLETest" */;
			buildPhases = (
				A3783D4A2B9CD995007AD7E7 /* Sources */,
				A3783D4B2B9CD995007AD7E7 /* Frameworks */,
				A3783D4C2B9CD995007AD7E7 /* CopyFiles */,
			);
			buildRules = (
			);
			dependencies = (
			);
			name = SSTLETest;
			productName = SSTLETest;
			productReference = A3783D4E2B9CD995007AD7E7 /* SSTLETest */;
			productType = "com.apple.product-type.tool";
		};
		A37E083728D3990400489544 /* SSMountTest */ = {
			isa = PBXNativeTarget;
			buildConfigurationList = A37E083E28D3990400489544 /* Build configuration list for PBXNativeTarget "SSMountTest" */;
			buildPhases = (
				A37E083428D3990400489544 /* Sources */,
				A37E083528D3990400489544 /* Frameworks */,
				A37E083628D3990400489544 /* CopyFiles */,
			);
			buildRules = (
			);
			dependencies = (
			);
			name = SSMountTest;
			productName = SSMountTest.cpp;
			productReference = A37E083828D3990400489544 /* SSMountTest */;
			productType = "com.apple.product-type.tool";
		};
/* End PBXNativeTarget section */

/* Begin PBXProject section */
		A328D7292402DBFD00BCE781 /* Project object */ = {
			isa = PBXProject;
			attributes = {
				LastUpgradeCheck = 1120;
				ORGANIZATIONNAME = "Southern Stars";
				TargetAttributes = {
					A304AA822B105B6B003E50AA = {
						CreatedOnToolsVersion = 14.3;
					};
					A328D7302402DBFD00BCE781 = {
						CreatedOnToolsVersion = 11.2.1;
					};
					A3783D4D2B9CD995007AD7E7 = {
						CreatedOnToolsVersion = 15.2;
					};
					A37E083728D3990400489544 = {
						CreatedOnToolsVersion = 13.4.1;
					};
				};
			};
			buildConfigurationList = A328D72C2402DBFD00BCE781 /* Build configuration list for PBXProject "SSTest" */;
			compatibilityVersion = "Xcode 9.3";
			developmentRegion = en;
			hasScannedForEncodings = 0;
			knownRegions = (
				en,
				Base,
			);
			mainGroup = A328D7282402DBFD00BCE781;
			productRefGroup = A328D7322402DBFD00BCE781 /* Products */;
			projectDirPath = "";
			projectRoot = "";
			targets = (
				A328D7302402DBFD00BCE781 /* SSTest */,
				A37E083728D3990400489544 /* SSMountTest */,
				A304AA822B105B6B003E50AA /* SSTetraTest */,
				A3783D4D2B9CD995007AD7E7 /* SSTLETest */,
			);
		};
/* End PBXProject section */

/* Begin PBXSourcesBuildPhase section */
		A304AA7F2B105B6B003E50AA /* Sources */ = {
			isa = PBXSourcesBuildPhase;
			buildActionMask = 2147483647;
			files = (
				A304AA8E2B105BEC003E50AA /* SSMatrix.cpp in Sources */,
				A304AA8F2B105BF5003E50AA /* SSUtilities.cpp in Sources */,
				A304AA972B105D33003E50AA /* svdcmp.c in Sources */,
				A304AA992B105D33003E50AA /* cnpy.cpp in Sources */,
				A304AA8D2B105BE0003E50AA /* SSVector.cpp in Sources */,
				A304AA982B105D33003E50AA /* Tetra3.cpp in Sources */,
				A304AA8B2B105BC9003E50AA /* SSTetraTest.cpp in Sources */,
				A304AA8C2B105BD6003E50AA /* SSAngle.cpp in Sources */,
			);
			runOnlyForDeploymentPostprocessing = 0;
		};
		A328D72D2402DBFD00BCE781 /* Sources */ = {
			isa = PBXSourcesBuildPhase;
			buildActionMask = 2147483647;
			files = (
				A3C22D1724574892004CE083 /* VSOP2013p4.cpp in Sources */,
				A378CE9B243A482000F4B018 /* SSTest.cpp in Sources */,
				4703A8832404EF3800BDD11C /* SSMatrix.cpp in Sources */,
				A358CF12243779F200B39D5C /* SSJPLDEphemeris.cpp in Sources */,
				A3C22D1924574892004CE083 /* VSOP2013p3.cpp in Sources */,
				A3C22D1624574892004CE083 /* VSOP2013p6.cpp in Sources */,
				4703A8802404EF0800BDD11C /* SSVector.cpp in Sources */,
				A3ED2F90244614A00040ECE5 /* SSPSEphemeris.cpp in Sources */,
				A34D20A028D3A07E0005A5F1 /* SSImportTYC.cpp in Sources */,
				A30545C2241EDBB400197F8A /* SSObject.cpp in Sources */,
				A3C22D1824574892004CE083 /* VSOP2013p7.cpp in Sources */,
				A37E085428D399D600489544 /* SSVPEphemeris.cpp in Sources */,
				A3BFC838242BEDB2001CBE62 /* SSConstellation.cpp in Sources */,
				A31EBEA02457C231005C863E /* ELPMPP02.cpp in Sources */,
				A3C22D1D24574892004CE083 /* VSOP2013p5.cpp in Sources */,
				A3C22D1A24574892004CE083 /* VSOP2013p2.cpp in Sources */,
				A30545C5241EE07900197F8A /* SSPlanet.cpp in Sources */,
				A30C7A4A24251E96004FEF82 /* SSIdentifier.cpp in Sources */,
				A3C22D1C24574892004CE083 /* VSOP2013p1.cpp in Sources */,
				A35D2B4D242941B80092DEA5 /* SSImportHIP.cpp in Sources */,
				A388CCDC24CF7EAB009EA2CA /* SSView.cpp in Sources */,
				A36F9198240979770038FE04 /* SSCoordinates.cpp in Sources */,
				4703A8882404EF7F00BDD11C /* SSTime.cpp in Sources */,
				A35D2B4A24293BF80092DEA5 /* SSUtilities.cpp in Sources */,
				A35D2B50242951D30092DEA5 /* SSImportSKY2000.cpp in Sources */,
				A36B14BE263785E20058BF62 /* SSImportWDS.cpp in Sources */,
				A39A54C0244BDBD00010334B /* SSEvent.cpp in Sources */,
				A3AAE7B3242972E70035E668 /* SSImportNGCIC.cpp in Sources */,
				A36E2195242A7CF6005C9699 /* SSImportMPC.cpp in Sources */,
				4703A87D2404EEEA00BDD11C /* SSAngle.cpp in Sources */,
				A3BEBE9A29CA59F10048AAFA /* SSMountModel.cpp in Sources */,
				A30545C8241EF45000197F8A /* SSStar.cpp in Sources */,
				A358D99D24147D3E009078A6 /* SSOrbit.cpp in Sources */,
				A33E45B82438E7F900C15780 /* SSTLE.cpp in Sources */,
				A3C22D1524574892004CE083 /* VSOP2013p9.cpp in Sources */,
				A307FB09297A31E7003E30AD /* SSImportTLE.cpp in Sources */,
				A315D76E26370EEA00A2F317 /* SSImportGCVS.cpp in Sources */,
				A3848E992450E9CD0085973F /* SSMoonEphemeris.cpp in Sources */,
				A3F759A8242EEB9300FCDE16 /* SSImportGJ.cpp in Sources */,
				A357CAA924E233B70007264B /* SSHTM.cpp in Sources */,
				A3C22D0424574695004CE083 /* VSOP2013.cpp in Sources */,
				27706A4C2565BC5E003C221A /* SSFeature.cpp in Sources */,
				A3C22D1B24574892004CE083 /* VSOP2013p8.cpp in Sources */,
			);
			runOnlyForDeploymentPostprocessing = 0;
		};
		A3783D4A2B9CD995007AD7E7 /* Sources */ = {
			isa = PBXSourcesBuildPhase;
			buildActionMask = 2147483647;
			files = (
				A3783D5A2B9CE126007AD7E7 /* SSTime.cpp in Sources */,
				A3E524A42B9D051500F012B3 /* SSAngle.cpp in Sources */,
				A3783D572B9CE01F007AD7E7 /* SSVector.cpp in Sources */,
				A3783D5C2B9CE451007AD7E7 /* SSOrbit.cpp in Sources */,
				A3783D5B2B9CE445007AD7E7 /* SSMatrix.cpp in Sources */,
				A3783D552B9CD9B3007AD7E7 /* SSTLETest.cpp in Sources */,
				A3783D582B9CE0A9007AD7E7 /* SSUtilities.cpp in Sources */,
				A3783D562B9CE001007AD7E7 /* SSTLE.cpp in Sources */,
			);
			runOnlyForDeploymentPostprocessing = 0;
		};
		A37E083428D3990400489544 /* Sources */ = {
			isa = PBXSourcesBuildPhase;
			buildActionMask = 2147483647;
			files = (
				A34D209028D3A0000005A5F1 /* SSFeature.cpp in Sources */,
				A34D209828D3A04B0005A5F1 /* VSOP2013p5.cpp in Sources */,
				A34D209D28D3A04B0005A5F1 /* VSOP2013p7.cpp in Sources */,
				A37E084F28D399B600489544 /* SSSocket.cpp in Sources */,
				A34D209928D3A04B0005A5F1 /* VSOP2013p2.cpp in Sources */,
				A34D208D28D39FCB0005A5F1 /* SSConstellation.cpp in Sources */,
				A3BEBE9B29CA59F10048AAFA /* SSMountModel.cpp in Sources */,
				A34D209A28D3A04B0005A5F1 /* VSOP2013p1.cpp in Sources */,
				A34D208428D39EFA0005A5F1 /* SSUtilities.cpp in Sources */,
				A34D208828D39F780005A5F1 /* SSPlanet.cpp in Sources */,
				A37E084E28D399B600489544 /* SSVPEphemeris.cpp in Sources */,
				A34D209628D3A04B0005A5F1 /* VSOP2013p8.cpp in Sources */,
				A34D208628D39F600005A5F1 /* SSObject.cpp in Sources */,
				A37E085228D399B600489544 /* SSMount.cpp in Sources */,
				A34D209428D3A04B0005A5F1 /* VSOP2013p4.cpp in Sources */,
				A34D209328D3A0330005A5F1 /* SSMatrix.cpp in Sources */,
				A34D208728D39F710005A5F1 /* SSStar.cpp in Sources */,
				A34D209F28D3A0630005A5F1 /* SSJPLDEphemeris.cpp in Sources */,
				A34D209C28D3A04B0005A5F1 /* VSOP2013p3.cpp in Sources */,
				A34D208E28D39FD90005A5F1 /* SSMoonEphemeris.cpp in Sources */,
				A37E085128D399B600489544 /* SSImportJPL.cpp in Sources */,
				A34D209228D3A01E0005A5F1 /* SSOrbit.cpp in Sources */,
				A318E1B12CD5785A00B6A67C /* MountSimulator.cpp in Sources */,
				A34D209128D3A0100005A5F1 /* SSTime.cpp in Sources */,
				A34D209528D3A04B0005A5F1 /* VSOP2013p6.cpp in Sources */,
				A34D208F28D39FE90005A5F1 /* SSTLE.cpp in Sources */,
				A34D208B28D39FA80005A5F1 /* SSCoordinates.cpp in Sources */,
				A34D209E28D3A04B0005A5F1 /* VSOP2013p9.cpp in Sources */,
				A34D208528D39F4F0005A5F1 /* SSAngle.cpp in Sources */,
				A34D208928D39F890005A5F1 /* SSIdentifier.cpp in Sources */,
				A34D208C28D39FBA0005A5F1 /* SSPSEphemeris.cpp in Sources */,
				A34D208A28D39F990005A5F1 /* SSVector.cpp in Sources */,
				A37E084D28D399B600489544 /* SSSerial.cpp in Sources */,
				A34D209728D3A04B0005A5F1 /* ELPMPP02.cpp in Sources */,
				A34D209B28D3A04B0005A5F1 /* VSOP2013.cpp in Sources */,
			);
			runOnlyForDeploymentPostprocessing = 0;
		};
/* End PBXSourcesBuildPhase section */

/* Begin XCBuildConfiguration section */
		A304AA872B105B6B003E50AA /* Debug */ = {
			isa = XCBuildConfiguration;
			buildSettings = {
				CLANG_CXX_LANGUAGE_STANDARD = "gnu++20";
				CLANG_WARN_QUOTED_INCLUDE_IN_FRAMEWORK_HEADER = YES;
				CODE_SIGN_STYLE = Automatic;
				DEVELOPMENT_TEAM = 3VXR2SZ857;
				ENABLE_HARDENED_RUNTIME = YES;
				MACOSX_DEPLOYMENT_TARGET = 13.1;
				PRODUCT_NAME = "$(TARGET_NAME)";
			};
			name = Debug;
		};
		A304AA882B105B6B003E50AA /* Release */ = {
			isa = XCBuildConfiguration;
			buildSettings = {
				CLANG_CXX_LANGUAGE_STANDARD = "gnu++20";
				CLANG_WARN_QUOTED_INCLUDE_IN_FRAMEWORK_HEADER = YES;
				CODE_SIGN_STYLE = Automatic;
				DEVELOPMENT_TEAM = 3VXR2SZ857;
				ENABLE_HARDENED_RUNTIME = YES;
				MACOSX_DEPLOYMENT_TARGET = 13.1;
				PRODUCT_NAME = "$(TARGET_NAME)";
			};
			name = Release;
		};
		A328D7362402DBFD00BCE781 /* Debug */ = {
			isa = XCBuildConfiguration;
			buildSettings = {
				ALWAYS_SEARCH_USER_PATHS = NO;
				CLANG_ANALYZER_NONNULL = YES;
				CLANG_ANALYZER_NUMBER_OBJECT_CONVERSION = YES_AGGRESSIVE;
				CLANG_CXX_LANGUAGE_STANDARD = "gnu++14";
				CLANG_CXX_LIBRARY = "libc++";
				CLANG_ENABLE_MODULES = YES;
				CLANG_ENABLE_OBJC_ARC = YES;
				CLANG_ENABLE_OBJC_WEAK = YES;
				CLANG_WARN_BLOCK_CAPTURE_AUTORELEASING = YES;
				CLANG_WARN_BOOL_CONVERSION = YES;
				CLANG_WARN_COMMA = YES;
				CLANG_WARN_CONSTANT_CONVERSION = YES;
				CLANG_WARN_DEPRECATED_OBJC_IMPLEMENTATIONS = YES;
				CLANG_WARN_DIRECT_OBJC_ISA_USAGE = YES_ERROR;
				CLANG_WARN_DOCUMENTATION_COMMENTS = YES;
				CLANG_WARN_EMPTY_BODY = YES;
				CLANG_WARN_ENUM_CONVERSION = YES;
				CLANG_WARN_INFINITE_RECURSION = YES;
				CLANG_WARN_INT_CONVERSION = YES;
				CLANG_WARN_NON_LITERAL_NULL_CONVERSION = YES;
				CLANG_WARN_OBJC_IMPLICIT_RETAIN_SELF = YES;
				CLANG_WARN_OBJC_LITERAL_CONVERSION = YES;
				CLANG_WARN_OBJC_ROOT_CLASS = YES_ERROR;
				CLANG_WARN_RANGE_LOOP_ANALYSIS = YES;
				CLANG_WARN_STRICT_PROTOTYPES = YES;
				CLANG_WARN_SUSPICIOUS_MOVE = YES;
				CLANG_WARN_UNGUARDED_AVAILABILITY = YES_AGGRESSIVE;
				CLANG_WARN_UNREACHABLE_CODE = YES;
				CLANG_WARN__DUPLICATE_METHOD_MATCH = YES;
				COPY_PHASE_STRIP = NO;
				DEBUG_INFORMATION_FORMAT = dwarf;
				ENABLE_STRICT_OBJC_MSGSEND = YES;
				ENABLE_TESTABILITY = YES;
				GCC_C_LANGUAGE_STANDARD = gnu11;
				GCC_DYNAMIC_NO_PIC = NO;
				GCC_NO_COMMON_BLOCKS = YES;
				GCC_OPTIMIZATION_LEVEL = 0;
				GCC_PREPROCESSOR_DEFINITIONS = (
					"DEBUG=1",
					"$(inherited)",
				);
				GCC_WARN_64_TO_32_BIT_CONVERSION = YES;
				GCC_WARN_ABOUT_RETURN_TYPE = YES_ERROR;
				GCC_WARN_UNDECLARED_SELECTOR = YES;
				GCC_WARN_UNINITIALIZED_AUTOS = YES_AGGRESSIVE;
				GCC_WARN_UNUSED_FUNCTION = YES;
				GCC_WARN_UNUSED_VARIABLE = YES;
				MACOSX_DEPLOYMENT_TARGET = 10.14;
				MTL_ENABLE_DEBUG_INFO = INCLUDE_SOURCE;
				MTL_FAST_MATH = YES;
				ONLY_ACTIVE_ARCH = YES;
				OTHER_LDFLAGS = "-v";
				SDKROOT = macosx;
			};
			name = Debug;
		};
		A328D7372402DBFD00BCE781 /* Release */ = {
			isa = XCBuildConfiguration;
			buildSettings = {
				ALWAYS_SEARCH_USER_PATHS = NO;
				CLANG_ANALYZER_NONNULL = YES;
				CLANG_ANALYZER_NUMBER_OBJECT_CONVERSION = YES_AGGRESSIVE;
				CLANG_CXX_LANGUAGE_STANDARD = "gnu++14";
				CLANG_CXX_LIBRARY = "libc++";
				CLANG_ENABLE_MODULES = YES;
				CLANG_ENABLE_OBJC_ARC = YES;
				CLANG_ENABLE_OBJC_WEAK = YES;
				CLANG_WARN_BLOCK_CAPTURE_AUTORELEASING = YES;
				CLANG_WARN_BOOL_CONVERSION = YES;
				CLANG_WARN_COMMA = YES;
				CLANG_WARN_CONSTANT_CONVERSION = YES;
				CLANG_WARN_DEPRECATED_OBJC_IMPLEMENTATIONS = YES;
				CLANG_WARN_DIRECT_OBJC_ISA_USAGE = YES_ERROR;
				CLANG_WARN_DOCUMENTATION_COMMENTS = YES;
				CLANG_WARN_EMPTY_BODY = YES;
				CLANG_WARN_ENUM_CONVERSION = YES;
				CLANG_WARN_INFINITE_RECURSION = YES;
				CLANG_WARN_INT_CONVERSION = YES;
				CLANG_WARN_NON_LITERAL_NULL_CONVERSION = YES;
				CLANG_WARN_OBJC_IMPLICIT_RETAIN_SELF = YES;
				CLANG_WARN_OBJC_LITERAL_CONVERSION = YES;
				CLANG_WARN_OBJC_ROOT_CLASS = YES_ERROR;
				CLANG_WARN_RANGE_LOOP_ANALYSIS = YES;
				CLANG_WARN_STRICT_PROTOTYPES = YES;
				CLANG_WARN_SUSPICIOUS_MOVE = YES;
				CLANG_WARN_UNGUARDED_AVAILABILITY = YES_AGGRESSIVE;
				CLANG_WARN_UNREACHABLE_CODE = YES;
				CLANG_WARN__DUPLICATE_METHOD_MATCH = YES;
				COPY_PHASE_STRIP = NO;
				DEBUG_INFORMATION_FORMAT = "dwarf-with-dsym";
				ENABLE_NS_ASSERTIONS = NO;
				ENABLE_STRICT_OBJC_MSGSEND = YES;
				GCC_C_LANGUAGE_STANDARD = gnu11;
				GCC_NO_COMMON_BLOCKS = YES;
				GCC_WARN_64_TO_32_BIT_CONVERSION = YES;
				GCC_WARN_ABOUT_RETURN_TYPE = YES_ERROR;
				GCC_WARN_UNDECLARED_SELECTOR = YES;
				GCC_WARN_UNINITIALIZED_AUTOS = YES_AGGRESSIVE;
				GCC_WARN_UNUSED_FUNCTION = YES;
				GCC_WARN_UNUSED_VARIABLE = YES;
				MACOSX_DEPLOYMENT_TARGET = 10.14;
				MTL_ENABLE_DEBUG_INFO = NO;
				MTL_FAST_MATH = YES;
				OTHER_LDFLAGS = "-v";
				SDKROOT = macosx;
			};
			name = Release;
		};
		A328D7392402DBFD00BCE781 /* Debug */ = {
			isa = XCBuildConfiguration;
			buildSettings = {
				CODE_SIGN_STYLE = Automatic;
				DEVELOPMENT_TEAM = "";
				ENABLE_HARDENED_RUNTIME = YES;
				PRODUCT_NAME = "$(TARGET_NAME)";
			};
			name = Debug;
		};
		A328D73A2402DBFD00BCE781 /* Release */ = {
			isa = XCBuildConfiguration;
			buildSettings = {
				CODE_SIGN_STYLE = Automatic;
				DEVELOPMENT_TEAM = "";
				ENABLE_HARDENED_RUNTIME = YES;
				PRODUCT_NAME = "$(TARGET_NAME)";
			};
			name = Release;
		};
		A3783D532B9CD995007AD7E7 /* Debug */ = {
			isa = XCBuildConfiguration;
			buildSettings = {
				ASSETCATALOG_COMPILER_GENERATE_SWIFT_ASSET_SYMBOL_EXTENSIONS = YES;
				CLANG_CXX_LANGUAGE_STANDARD = "gnu++20";
				CLANG_WARN_QUOTED_INCLUDE_IN_FRAMEWORK_HEADER = YES;
				CODE_SIGN_STYLE = Automatic;
				ENABLE_USER_SCRIPT_SANDBOXING = YES;
				GCC_C_LANGUAGE_STANDARD = gnu17;
				LOCALIZATION_PREFERS_STRING_CATALOGS = YES;
				MACOSX_DEPLOYMENT_TARGET = 14.2;
				PRODUCT_NAME = "$(TARGET_NAME)";
			};
			name = Debug;
		};
		A3783D542B9CD995007AD7E7 /* Release */ = {
			isa = XCBuildConfiguration;
			buildSettings = {
				ASSETCATALOG_COMPILER_GENERATE_SWIFT_ASSET_SYMBOL_EXTENSIONS = YES;
				CLANG_CXX_LANGUAGE_STANDARD = "gnu++20";
				CLANG_WARN_QUOTED_INCLUDE_IN_FRAMEWORK_HEADER = YES;
				CODE_SIGN_STYLE = Automatic;
				ENABLE_USER_SCRIPT_SANDBOXING = YES;
				GCC_C_LANGUAGE_STANDARD = gnu17;
				LOCALIZATION_PREFERS_STRING_CATALOGS = YES;
				MACOSX_DEPLOYMENT_TARGET = 14.2;
				PRODUCT_NAME = "$(TARGET_NAME)";
			};
			name = Release;
		};
		A37E083C28D3990400489544 /* Debug */ = {
			isa = XCBuildConfiguration;
			buildSettings = {
				CLANG_CXX_LANGUAGE_STANDARD = "gnu++17";
				CLANG_WARN_QUOTED_INCLUDE_IN_FRAMEWORK_HEADER = YES;
				CODE_SIGN_ENTITLEMENTS = "";
				CODE_SIGN_STYLE = Automatic;
				DEVELOPMENT_TEAM = "";
				ENABLE_HARDENED_RUNTIME = YES;
				MACOSX_DEPLOYMENT_TARGET = 12.3;
				PRODUCT_NAME = "$(TARGET_NAME)";
			};
			name = Debug;
		};
		A37E083D28D3990400489544 /* Release */ = {
			isa = XCBuildConfiguration;
			buildSettings = {
				CLANG_CXX_LANGUAGE_STANDARD = "gnu++17";
				CLANG_WARN_QUOTED_INCLUDE_IN_FRAMEWORK_HEADER = YES;
				CODE_SIGN_ENTITLEMENTS = "";
				CODE_SIGN_STYLE = Automatic;
				DEVELOPMENT_TEAM = "";
				ENABLE_HARDENED_RUNTIME = YES;
				MACOSX_DEPLOYMENT_TARGET = 12.3;
				PRODUCT_NAME = "$(TARGET_NAME)";
			};
			name = Release;
		};
/* End XCBuildConfiguration section */

/* Begin XCConfigurationList section */
		A304AA892B105B6B003E50AA /* Build configuration list for PBXNativeTarget "SSTetraTest" */ = {
			isa = XCConfigurationList;
			buildConfigurations = (
				A304AA872B105B6B003E50AA /* Debug */,
				A304AA882B105B6B003E50AA /* Release */,
			);
			defaultConfigurationIsVisible = 0;
			defaultConfigurationName = Release;
		};
		A328D72C2402DBFD00BCE781 /* Build configuration list for PBXProject "SSTest" */ = {
			isa = XCConfigurationList;
			buildConfigurations = (
				A328D7362402DBFD00BCE781 /* Debug */,
				A328D7372402DBFD00BCE781 /* Release */,
			);
			defaultConfigurationIsVisible = 0;
			defaultConfigurationName = Release;
		};
		A328D7382402DBFD00BCE781 /* Build configuration list for PBXNativeTarget "SSTest" */ = {
			isa = XCConfigurationList;
			buildConfigurations = (
				A328D7392402DBFD00BCE781 /* Debug */,
				A328D73A2402DBFD00BCE781 /* Release */,
			);
			defaultConfigurationIsVisible = 0;
			defaultConfigurationName = Release;
		};
		A3783D522B9CD995007AD7E7 /* Build configuration list for PBXNativeTarget "SSTLETest" */ = {
			isa = XCConfigurationList;
			buildConfigurations = (
				A3783D532B9CD995007AD7E7 /* Debug */,
				A3783D542B9CD995007AD7E7 /* Release */,
			);
			defaultConfigurationIsVisible = 0;
			defaultConfigurationName = Release;
		};
		A37E083E28D3990400489544 /* Build configuration list for PBXNativeTarget "SSMountTest" */ = {
			isa = XCConfigurationList;
			buildConfigurations = (
				A37E083C28D3990400489544 /* Debug */,
				A37E083D28D3990400489544 /* Release */,
			);
			defaultConfigurationIsVisible = 0;
			defaultConfigurationName = Release;
		};
/* End XCConfigurationList section */
	};
	rootObject = A328D7292402DBFD00BCE781 /* Project object */;
}
