// !$*UTF8*$!
{
	archiveVersion = 1;
	classes = {
	};
	objectVersion = 50;
	objects = {

/* Begin PBXBuildFile section */
		4703A87D2404EEEA00BDD11C /* SSAngle.cpp in Sources */ = {isa = PBXBuildFile; fileRef = 4703A87C2404EEEA00BDD11C /* SSAngle.cpp */; };
		4703A8802404EF0800BDD11C /* SSVector.cpp in Sources */ = {isa = PBXBuildFile; fileRef = 4703A87E2404EF0800BDD11C /* SSVector.cpp */; };
		4703A8832404EF3800BDD11C /* SSMatrix.cpp in Sources */ = {isa = PBXBuildFile; fileRef = 4703A8822404EF3800BDD11C /* SSMatrix.cpp */; };
		4703A8882404EF7F00BDD11C /* SSTime.cpp in Sources */ = {isa = PBXBuildFile; fileRef = 4703A8862404EF7F00BDD11C /* SSTime.cpp */; };
		A30545C2241EDBB400197F8A /* SSObject.cpp in Sources */ = {isa = PBXBuildFile; fileRef = A30545C0241EDBB400197F8A /* SSObject.cpp */; };
		A30545C5241EE07900197F8A /* SSPlanet.cpp in Sources */ = {isa = PBXBuildFile; fileRef = A30545C3241EE07900197F8A /* SSPlanet.cpp */; };
		A30545C8241EF45000197F8A /* SSStar.cpp in Sources */ = {isa = PBXBuildFile; fileRef = A30545C6241EF45000197F8A /* SSStar.cpp */; };
		A30C7A4A24251E96004FEF82 /* SSIdentifier.cpp in Sources */ = {isa = PBXBuildFile; fileRef = A30C7A4824251E96004FEF82 /* SSIdentifier.cpp */; };
		A31EBEA02457C231005C863E /* ELPMPP02.cpp in Sources */ = {isa = PBXBuildFile; fileRef = A31EBE9E2457C231005C863E /* ELPMPP02.cpp */; };
		A33E45B82438E7F900C15780 /* SSTLE.cpp in Sources */ = {isa = PBXBuildFile; fileRef = A33E45B62438E7F900C15780 /* SSTLE.cpp */; };
		A357CAA924E233B70007264B /* SSHTM.cpp in Sources */ = {isa = PBXBuildFile; fileRef = A357CAA724E233B70007264B /* SSHTM.cpp */; };
		A358CF12243779F200B39D5C /* SSJPLDEphemeris.cpp in Sources */ = {isa = PBXBuildFile; fileRef = A358CF10243779F200B39D5C /* SSJPLDEphemeris.cpp */; };
		A358D99D24147D3E009078A6 /* SSOrbit.cpp in Sources */ = {isa = PBXBuildFile; fileRef = A358D99B24147D3E009078A6 /* SSOrbit.cpp */; };
		A35D2B4A24293BF80092DEA5 /* SSUtilities.cpp in Sources */ = {isa = PBXBuildFile; fileRef = A35D2B4824293BF80092DEA5 /* SSUtilities.cpp */; };
		A35D2B4D242941B80092DEA5 /* SSImportHIP.cpp in Sources */ = {isa = PBXBuildFile; fileRef = A35D2B4B242941B80092DEA5 /* SSImportHIP.cpp */; };
		A35D2B50242951D30092DEA5 /* SSImportSKY2000.cpp in Sources */ = {isa = PBXBuildFile; fileRef = A35D2B4E242951D30092DEA5 /* SSImportSKY2000.cpp */; };
		A36E2195242A7CF6005C9699 /* SSImportMPC.cpp in Sources */ = {isa = PBXBuildFile; fileRef = A36E2193242A7CF6005C9699 /* SSImportMPC.cpp */; };
		A36F9198240979770038FE04 /* SSCoordinates.cpp in Sources */ = {isa = PBXBuildFile; fileRef = A36F9196240979770038FE04 /* SSCoordinates.cpp */; };
		A378CE9B243A482000F4B018 /* SSTest.cpp in Sources */ = {isa = PBXBuildFile; fileRef = A378CE9A243A482000F4B018 /* SSTest.cpp */; };
		A3848E992450E9CD0085973F /* SSMoonEphemeris.cpp in Sources */ = {isa = PBXBuildFile; fileRef = A3848E972450E9CD0085973F /* SSMoonEphemeris.cpp */; };
		A388CCDC24CF7EAB009EA2CA /* SSView.cpp in Sources */ = {isa = PBXBuildFile; fileRef = A388CCDA24CF7EAB009EA2CA /* SSView.cpp */; };
		A39A54C0244BDBD00010334B /* SSEvent.cpp in Sources */ = {isa = PBXBuildFile; fileRef = A39A54BE244BDBD00010334B /* SSEvent.cpp */; };
		A3AAE7B3242972E70035E668 /* SSImportNGCIC.cpp in Sources */ = {isa = PBXBuildFile; fileRef = A3AAE7B1242972E70035E668 /* SSImportNGCIC.cpp */; };
		A3BFC838242BEDB2001CBE62 /* SSConstellation.cpp in Sources */ = {isa = PBXBuildFile; fileRef = A3BFC836242BEDB2001CBE62 /* SSConstellation.cpp */; };
		A3C22D0424574695004CE083 /* VSOP2013.cpp in Sources */ = {isa = PBXBuildFile; fileRef = A3C22CFA24574695004CE083 /* VSOP2013.cpp */; };
		A3C22D1524574892004CE083 /* VSOP2013p9.cpp in Sources */ = {isa = PBXBuildFile; fileRef = A3C22D0C24574892004CE083 /* VSOP2013p9.cpp */; };
		A3C22D1624574892004CE083 /* VSOP2013p6.cpp in Sources */ = {isa = PBXBuildFile; fileRef = A3C22D0D24574892004CE083 /* VSOP2013p6.cpp */; };
		A3C22D1724574892004CE083 /* VSOP2013p4.cpp in Sources */ = {isa = PBXBuildFile; fileRef = A3C22D0E24574892004CE083 /* VSOP2013p4.cpp */; };
		A3C22D1824574892004CE083 /* VSOP2013p7.cpp in Sources */ = {isa = PBXBuildFile; fileRef = A3C22D0F24574892004CE083 /* VSOP2013p7.cpp */; };
		A3C22D1924574892004CE083 /* VSOP2013p3.cpp in Sources */ = {isa = PBXBuildFile; fileRef = A3C22D1024574892004CE083 /* VSOP2013p3.cpp */; };
		A3C22D1A24574892004CE083 /* VSOP2013p2.cpp in Sources */ = {isa = PBXBuildFile; fileRef = A3C22D1124574892004CE083 /* VSOP2013p2.cpp */; };
		A3C22D1B24574892004CE083 /* VSOP2013p8.cpp in Sources */ = {isa = PBXBuildFile; fileRef = A3C22D1224574892004CE083 /* VSOP2013p8.cpp */; };
		A3C22D1C24574892004CE083 /* VSOP2013p1.cpp in Sources */ = {isa = PBXBuildFile; fileRef = A3C22D1324574892004CE083 /* VSOP2013p1.cpp */; };
		A3C22D1D24574892004CE083 /* VSOP2013p5.cpp in Sources */ = {isa = PBXBuildFile; fileRef = A3C22D1424574892004CE083 /* VSOP2013p5.cpp */; };
		A3ED2F90244614A00040ECE5 /* SSPSEphemeris.cpp in Sources */ = {isa = PBXBuildFile; fileRef = A3ED2F8E244614A00040ECE5 /* SSPSEphemeris.cpp */; };
		A3F759A8242EEB9300FCDE16 /* SSImportGJ.cpp in Sources */ = {isa = PBXBuildFile; fileRef = A3F759A6242EEB9300FCDE16 /* SSImportGJ.cpp */; };
/* End PBXBuildFile section */

/* Begin PBXCopyFilesBuildPhase section */
		A328D72F2402DBFD00BCE781 /* CopyFiles */ = {
			isa = PBXCopyFilesBuildPhase;
			buildActionMask = 2147483647;
			dstPath = /usr/share/man/man1/;
			dstSubfolderSpec = 0;
			files = (
			);
			runOnlyForDeploymentPostprocessing = 1;
		};
/* End PBXCopyFilesBuildPhase section */

/* Begin PBXFileReference section */
		4703A87B2404EEEA00BDD11C /* SSAngle.hpp */ = {isa = PBXFileReference; fileEncoding = 4; lastKnownFileType = sourcecode.cpp.h; path = SSAngle.hpp; sourceTree = "<group>"; };
		4703A87C2404EEEA00BDD11C /* SSAngle.cpp */ = {isa = PBXFileReference; fileEncoding = 4; lastKnownFileType = sourcecode.cpp.cpp; path = SSAngle.cpp; sourceTree = "<group>"; };
		4703A87E2404EF0800BDD11C /* SSVector.cpp */ = {isa = PBXFileReference; fileEncoding = 4; lastKnownFileType = sourcecode.cpp.cpp; path = SSVector.cpp; sourceTree = "<group>"; };
		4703A87F2404EF0800BDD11C /* SSVector.hpp */ = {isa = PBXFileReference; fileEncoding = 4; lastKnownFileType = sourcecode.cpp.h; path = SSVector.hpp; sourceTree = "<group>"; };
		4703A8812404EF3800BDD11C /* SSMatrix.hpp */ = {isa = PBXFileReference; fileEncoding = 4; lastKnownFileType = sourcecode.cpp.h; path = SSMatrix.hpp; sourceTree = "<group>"; };
		4703A8822404EF3800BDD11C /* SSMatrix.cpp */ = {isa = PBXFileReference; fileEncoding = 4; lastKnownFileType = sourcecode.cpp.cpp; path = SSMatrix.cpp; sourceTree = "<group>"; };
		4703A8862404EF7F00BDD11C /* SSTime.cpp */ = {isa = PBXFileReference; fileEncoding = 4; lastKnownFileType = sourcecode.cpp.cpp; path = SSTime.cpp; sourceTree = "<group>"; };
		4703A8872404EF7F00BDD11C /* SSTime.hpp */ = {isa = PBXFileReference; fileEncoding = 4; lastKnownFileType = sourcecode.cpp.h; path = SSTime.hpp; sourceTree = "<group>"; };
		A30545C0241EDBB400197F8A /* SSObject.cpp */ = {isa = PBXFileReference; lastKnownFileType = sourcecode.cpp.cpp; path = SSObject.cpp; sourceTree = "<group>"; };
		A30545C1241EDBB400197F8A /* SSObject.hpp */ = {isa = PBXFileReference; lastKnownFileType = sourcecode.cpp.h; path = SSObject.hpp; sourceTree = "<group>"; };
		A30545C3241EE07900197F8A /* SSPlanet.cpp */ = {isa = PBXFileReference; lastKnownFileType = sourcecode.cpp.cpp; path = SSPlanet.cpp; sourceTree = "<group>"; };
		A30545C4241EE07900197F8A /* SSPlanet.hpp */ = {isa = PBXFileReference; lastKnownFileType = sourcecode.cpp.h; path = SSPlanet.hpp; sourceTree = "<group>"; };
		A30545C6241EF45000197F8A /* SSStar.cpp */ = {isa = PBXFileReference; lastKnownFileType = sourcecode.cpp.cpp; path = SSStar.cpp; sourceTree = "<group>"; };
		A30545C7241EF45000197F8A /* SSStar.hpp */ = {isa = PBXFileReference; lastKnownFileType = sourcecode.cpp.h; path = SSStar.hpp; sourceTree = "<group>"; };
		A30C7A4824251E96004FEF82 /* SSIdentifier.cpp */ = {isa = PBXFileReference; lastKnownFileType = sourcecode.cpp.cpp; path = SSIdentifier.cpp; sourceTree = "<group>"; };
		A30C7A4924251E96004FEF82 /* SSIdentifier.hpp */ = {isa = PBXFileReference; lastKnownFileType = sourcecode.cpp.h; path = SSIdentifier.hpp; sourceTree = "<group>"; };
		A31EBE9E2457C231005C863E /* ELPMPP02.cpp */ = {isa = PBXFileReference; lastKnownFileType = sourcecode.cpp.cpp; path = ELPMPP02.cpp; sourceTree = "<group>"; };
		A31EBE9F2457C231005C863E /* ELPMPP02.hpp */ = {isa = PBXFileReference; lastKnownFileType = sourcecode.cpp.h; path = ELPMPP02.hpp; sourceTree = "<group>"; };
		A328D7312402DBFD00BCE781 /* SSTest */ = {isa = PBXFileReference; explicitFileType = "compiled.mach-o.executable"; includeInIndex = 0; path = SSTest; sourceTree = BUILT_PRODUCTS_DIR; };
		A33E45B62438E7F900C15780 /* SSTLE.cpp */ = {isa = PBXFileReference; lastKnownFileType = sourcecode.cpp.cpp; path = SSTLE.cpp; sourceTree = "<group>"; };
		A33E45B72438E7F900C15780 /* SSTLE.hpp */ = {isa = PBXFileReference; lastKnownFileType = sourcecode.cpp.h; path = SSTLE.hpp; sourceTree = "<group>"; };
		A357CAA724E233B70007264B /* SSHTM.cpp */ = {isa = PBXFileReference; lastKnownFileType = sourcecode.cpp.cpp; path = SSHTM.cpp; sourceTree = "<group>"; };
		A357CAA824E233B70007264B /* SSHTM.hpp */ = {isa = PBXFileReference; lastKnownFileType = sourcecode.cpp.h; path = SSHTM.hpp; sourceTree = "<group>"; };
		A358CF10243779F200B39D5C /* SSJPLDEphemeris.cpp */ = {isa = PBXFileReference; lastKnownFileType = sourcecode.cpp.cpp; path = SSJPLDEphemeris.cpp; sourceTree = "<group>"; };
		A358CF11243779F200B39D5C /* SSJPLDEphemeris.hpp */ = {isa = PBXFileReference; lastKnownFileType = sourcecode.cpp.h; path = SSJPLDEphemeris.hpp; sourceTree = "<group>"; };
		A358D99B24147D3E009078A6 /* SSOrbit.cpp */ = {isa = PBXFileReference; lastKnownFileType = sourcecode.cpp.cpp; path = SSOrbit.cpp; sourceTree = "<group>"; };
		A358D99C24147D3E009078A6 /* SSOrbit.hpp */ = {isa = PBXFileReference; lastKnownFileType = sourcecode.cpp.h; path = SSOrbit.hpp; sourceTree = "<group>"; };
		A35D2B4824293BF80092DEA5 /* SSUtilities.cpp */ = {isa = PBXFileReference; lastKnownFileType = sourcecode.cpp.cpp; path = SSUtilities.cpp; sourceTree = "<group>"; };
		A35D2B4924293BF80092DEA5 /* SSUtilities.hpp */ = {isa = PBXFileReference; lastKnownFileType = sourcecode.cpp.h; path = SSUtilities.hpp; sourceTree = "<group>"; };
		A35D2B4B242941B80092DEA5 /* SSImportHIP.cpp */ = {isa = PBXFileReference; lastKnownFileType = sourcecode.cpp.cpp; path = SSImportHIP.cpp; sourceTree = "<group>"; };
		A35D2B4C242941B80092DEA5 /* SSImportHIP.hpp */ = {isa = PBXFileReference; lastKnownFileType = sourcecode.cpp.h; path = SSImportHIP.hpp; sourceTree = "<group>"; };
		A35D2B4E242951D30092DEA5 /* SSImportSKY2000.cpp */ = {isa = PBXFileReference; lastKnownFileType = sourcecode.cpp.cpp; path = SSImportSKY2000.cpp; sourceTree = "<group>"; };
		A35D2B4F242951D30092DEA5 /* SSImportSKY2000.hpp */ = {isa = PBXFileReference; lastKnownFileType = sourcecode.cpp.h; path = SSImportSKY2000.hpp; sourceTree = "<group>"; };
		A36E2193242A7CF6005C9699 /* SSImportMPC.cpp */ = {isa = PBXFileReference; lastKnownFileType = sourcecode.cpp.cpp; path = SSImportMPC.cpp; sourceTree = "<group>"; };
		A36E2194242A7CF6005C9699 /* SSImportMPC.hpp */ = {isa = PBXFileReference; lastKnownFileType = sourcecode.cpp.h; path = SSImportMPC.hpp; sourceTree = "<group>"; };
		A36F9196240979770038FE04 /* SSCoordinates.cpp */ = {isa = PBXFileReference; lastKnownFileType = sourcecode.cpp.cpp; path = SSCoordinates.cpp; sourceTree = "<group>"; };
		A36F9197240979770038FE04 /* SSCoordinates.hpp */ = {isa = PBXFileReference; lastKnownFileType = sourcecode.cpp.h; path = SSCoordinates.hpp; sourceTree = "<group>"; };
		A378CE9A243A482000F4B018 /* SSTest.cpp */ = {isa = PBXFileReference; fileEncoding = 4; lastKnownFileType = sourcecode.cpp.cpp; name = SSTest.cpp; path = ../SSTest.cpp; sourceTree = "<group>"; };
		A3848E972450E9CD0085973F /* SSMoonEphemeris.cpp */ = {isa = PBXFileReference; lastKnownFileType = sourcecode.cpp.cpp; path = SSMoonEphemeris.cpp; sourceTree = "<group>"; };
		A3848E982450E9CD0085973F /* SSMoonEphemeris.hpp */ = {isa = PBXFileReference; lastKnownFileType = sourcecode.cpp.h; path = SSMoonEphemeris.hpp; sourceTree = "<group>"; };
		A388CCDA24CF7EAB009EA2CA /* SSView.cpp */ = {isa = PBXFileReference; fileEncoding = 4; lastKnownFileType = sourcecode.cpp.cpp; path = SSView.cpp; sourceTree = "<group>"; };
		A388CCDB24CF7EAB009EA2CA /* SSView.hpp */ = {isa = PBXFileReference; fileEncoding = 4; lastKnownFileType = sourcecode.cpp.h; path = SSView.hpp; sourceTree = "<group>"; };
		A39A54BE244BDBD00010334B /* SSEvent.cpp */ = {isa = PBXFileReference; lastKnownFileType = sourcecode.cpp.cpp; path = SSEvent.cpp; sourceTree = "<group>"; };
		A39A54BF244BDBD00010334B /* SSEvent.hpp */ = {isa = PBXFileReference; lastKnownFileType = sourcecode.cpp.h; path = SSEvent.hpp; sourceTree = "<group>"; };
		A3AAE7B1242972E70035E668 /* SSImportNGCIC.cpp */ = {isa = PBXFileReference; lastKnownFileType = sourcecode.cpp.cpp; path = SSImportNGCIC.cpp; sourceTree = "<group>"; };
		A3AAE7B2242972E70035E668 /* SSImportNGCIC.hpp */ = {isa = PBXFileReference; lastKnownFileType = sourcecode.cpp.h; path = SSImportNGCIC.hpp; sourceTree = "<group>"; };
		A3BFC836242BEDB2001CBE62 /* SSConstellation.cpp */ = {isa = PBXFileReference; lastKnownFileType = sourcecode.cpp.cpp; path = SSConstellation.cpp; sourceTree = "<group>"; };
		A3BFC837242BEDB2001CBE62 /* SSConstellation.hpp */ = {isa = PBXFileReference; lastKnownFileType = sourcecode.cpp.h; path = SSConstellation.hpp; sourceTree = "<group>"; };
		A3C22CF924574695004CE083 /* VSOP2013.hpp */ = {isa = PBXFileReference; fileEncoding = 4; lastKnownFileType = sourcecode.cpp.h; path = VSOP2013.hpp; sourceTree = "<group>"; };
		A3C22CFA24574695004CE083 /* VSOP2013.cpp */ = {isa = PBXFileReference; fileEncoding = 4; lastKnownFileType = sourcecode.cpp.cpp; path = VSOP2013.cpp; sourceTree = "<group>"; };
		A3C22D0C24574892004CE083 /* VSOP2013p9.cpp */ = {isa = PBXFileReference; fileEncoding = 4; lastKnownFileType = sourcecode.cpp.cpp; path = VSOP2013p9.cpp; sourceTree = "<group>"; };
		A3C22D0D24574892004CE083 /* VSOP2013p6.cpp */ = {isa = PBXFileReference; fileEncoding = 4; lastKnownFileType = sourcecode.cpp.cpp; path = VSOP2013p6.cpp; sourceTree = "<group>"; };
		A3C22D0E24574892004CE083 /* VSOP2013p4.cpp */ = {isa = PBXFileReference; fileEncoding = 4; lastKnownFileType = sourcecode.cpp.cpp; path = VSOP2013p4.cpp; sourceTree = "<group>"; };
		A3C22D0F24574892004CE083 /* VSOP2013p7.cpp */ = {isa = PBXFileReference; fileEncoding = 4; lastKnownFileType = sourcecode.cpp.cpp; path = VSOP2013p7.cpp; sourceTree = "<group>"; };
		A3C22D1024574892004CE083 /* VSOP2013p3.cpp */ = {isa = PBXFileReference; fileEncoding = 4; lastKnownFileType = sourcecode.cpp.cpp; path = VSOP2013p3.cpp; sourceTree = "<group>"; };
		A3C22D1124574892004CE083 /* VSOP2013p2.cpp */ = {isa = PBXFileReference; fileEncoding = 4; lastKnownFileType = sourcecode.cpp.cpp; path = VSOP2013p2.cpp; sourceTree = "<group>"; };
		A3C22D1224574892004CE083 /* VSOP2013p8.cpp */ = {isa = PBXFileReference; fileEncoding = 4; lastKnownFileType = sourcecode.cpp.cpp; path = VSOP2013p8.cpp; sourceTree = "<group>"; };
		A3C22D1324574892004CE083 /* VSOP2013p1.cpp */ = {isa = PBXFileReference; fileEncoding = 4; lastKnownFileType = sourcecode.cpp.cpp; path = VSOP2013p1.cpp; sourceTree = "<group>"; };
		A3C22D1424574892004CE083 /* VSOP2013p5.cpp */ = {isa = PBXFileReference; fileEncoding = 4; lastKnownFileType = sourcecode.cpp.cpp; path = VSOP2013p5.cpp; sourceTree = "<group>"; };
		A3ED2F8E244614A00040ECE5 /* SSPSEphemeris.cpp */ = {isa = PBXFileReference; lastKnownFileType = sourcecode.cpp.cpp; path = SSPSEphemeris.cpp; sourceTree = "<group>"; };
		A3ED2F8F244614A00040ECE5 /* SSPSEphemeris.hpp */ = {isa = PBXFileReference; lastKnownFileType = sourcecode.cpp.h; path = SSPSEphemeris.hpp; sourceTree = "<group>"; };
		A3F759A6242EEB9300FCDE16 /* SSImportGJ.cpp */ = {isa = PBXFileReference; lastKnownFileType = sourcecode.cpp.cpp; path = SSImportGJ.cpp; sourceTree = "<group>"; };
		A3F759A7242EEB9300FCDE16 /* SSImportGJ.hpp */ = {isa = PBXFileReference; lastKnownFileType = sourcecode.cpp.h; path = SSImportGJ.hpp; sourceTree = "<group>"; };
/* End PBXFileReference section */

/* Begin PBXFrameworksBuildPhase section */
		A328D72E2402DBFD00BCE781 /* Frameworks */ = {
			isa = PBXFrameworksBuildPhase;
			buildActionMask = 2147483647;
			files = (
			);
			runOnlyForDeploymentPostprocessing = 0;
		};
/* End PBXFrameworksBuildPhase section */

/* Begin PBXGroup section */
		A328D7282402DBFD00BCE781 = {
			isa = PBXGroup;
			children = (
				A378CE9A243A482000F4B018 /* SSTest.cpp */,
				A328D7332402DBFD00BCE781 /* SSCode */,
				A328D7322402DBFD00BCE781 /* Products */,
			);
			sourceTree = "<group>";
		};
		A328D7322402DBFD00BCE781 /* Products */ = {
			isa = PBXGroup;
			children = (
				A328D7312402DBFD00BCE781 /* SSTest */,
			);
			name = Products;
			sourceTree = "<group>";
		};
		A328D7332402DBFD00BCE781 /* SSCode */ = {
			isa = PBXGroup;
			children = (
				4703A87C2404EEEA00BDD11C /* SSAngle.cpp */,
				4703A87B2404EEEA00BDD11C /* SSAngle.hpp */,
				A3BFC836242BEDB2001CBE62 /* SSConstellation.cpp */,
				A3BFC837242BEDB2001CBE62 /* SSConstellation.hpp */,
				A36F9196240979770038FE04 /* SSCoordinates.cpp */,
				A36F9197240979770038FE04 /* SSCoordinates.hpp */,
				A39A54BE244BDBD00010334B /* SSEvent.cpp */,
				A39A54BF244BDBD00010334B /* SSEvent.hpp */,
				A357CAA724E233B70007264B /* SSHTM.cpp */,
				A357CAA824E233B70007264B /* SSHTM.hpp */,
				A30C7A4824251E96004FEF82 /* SSIdentifier.cpp */,
				A30C7A4924251E96004FEF82 /* SSIdentifier.hpp */,
				A358CF10243779F200B39D5C /* SSJPLDEphemeris.cpp */,
				A358CF11243779F200B39D5C /* SSJPLDEphemeris.hpp */,
				4703A8822404EF3800BDD11C /* SSMatrix.cpp */,
				4703A8812404EF3800BDD11C /* SSMatrix.hpp */,
				A3848E972450E9CD0085973F /* SSMoonEphemeris.cpp */,
				A3848E982450E9CD0085973F /* SSMoonEphemeris.hpp */,
				A30545C0241EDBB400197F8A /* SSObject.cpp */,
				A30545C1241EDBB400197F8A /* SSObject.hpp */,
				A358D99B24147D3E009078A6 /* SSOrbit.cpp */,
				A358D99C24147D3E009078A6 /* SSOrbit.hpp */,
				A30545C3241EE07900197F8A /* SSPlanet.cpp */,
				A30545C4241EE07900197F8A /* SSPlanet.hpp */,
				A3ED2F8E244614A00040ECE5 /* SSPSEphemeris.cpp */,
				A3ED2F8F244614A00040ECE5 /* SSPSEphemeris.hpp */,
				A30545C6241EF45000197F8A /* SSStar.cpp */,
				A30545C7241EF45000197F8A /* SSStar.hpp */,
				4703A8862404EF7F00BDD11C /* SSTime.cpp */,
				4703A8872404EF7F00BDD11C /* SSTime.hpp */,
				A33E45B62438E7F900C15780 /* SSTLE.cpp */,
				A33E45B72438E7F900C15780 /* SSTLE.hpp */,
				A35D2B4824293BF80092DEA5 /* SSUtilities.cpp */,
				A35D2B4924293BF80092DEA5 /* SSUtilities.hpp */,
				4703A87E2404EF0800BDD11C /* SSVector.cpp */,
				4703A87F2404EF0800BDD11C /* SSVector.hpp */,
				A388CCDA24CF7EAB009EA2CA /* SSView.cpp */,
				A388CCDB24CF7EAB009EA2CA /* SSView.hpp */,
				A35D2B4B242941B80092DEA5 /* SSImportHIP.cpp */,
				A35D2B4C242941B80092DEA5 /* SSImportHIP.hpp */,
				A35D2B4E242951D30092DEA5 /* SSImportSKY2000.cpp */,
				A35D2B4F242951D30092DEA5 /* SSImportSKY2000.hpp */,
				A36E2193242A7CF6005C9699 /* SSImportMPC.cpp */,
				A36E2194242A7CF6005C9699 /* SSImportMPC.hpp */,
				A3AAE7B1242972E70035E668 /* SSImportNGCIC.cpp */,
				A3AAE7B2242972E70035E668 /* SSImportNGCIC.hpp */,
				A3F759A6242EEB9300FCDE16 /* SSImportGJ.cpp */,
				A3F759A7242EEB9300FCDE16 /* SSImportGJ.hpp */,
				A3C22CF624574695004CE083 /* VSOP2013 */,
			);
			name = SSCode;
			path = ../../SSCode;
			sourceTree = SOURCE_ROOT;
		};
		A3C22CF624574695004CE083 /* VSOP2013 */ = {
			isa = PBXGroup;
			children = (
				A31EBE9E2457C231005C863E /* ELPMPP02.cpp */,
				A31EBE9F2457C231005C863E /* ELPMPP02.hpp */,
				A3C22CF924574695004CE083 /* VSOP2013.hpp */,
				A3C22CFA24574695004CE083 /* VSOP2013.cpp */,
				A3C22D1324574892004CE083 /* VSOP2013p1.cpp */,
				A3C22D1124574892004CE083 /* VSOP2013p2.cpp */,
				A3C22D1024574892004CE083 /* VSOP2013p3.cpp */,
				A3C22D0E24574892004CE083 /* VSOP2013p4.cpp */,
				A3C22D1424574892004CE083 /* VSOP2013p5.cpp */,
				A3C22D0D24574892004CE083 /* VSOP2013p6.cpp */,
				A3C22D0F24574892004CE083 /* VSOP2013p7.cpp */,
				A3C22D1224574892004CE083 /* VSOP2013p8.cpp */,
				A3C22D0C24574892004CE083 /* VSOP2013p9.cpp */,
			);
			path = VSOP2013;
			sourceTree = "<group>";
		};
/* End PBXGroup section */

/* Begin PBXNativeTarget section */
		A328D7302402DBFD00BCE781 /* SSTest */ = {
			isa = PBXNativeTarget;
			buildConfigurationList = A328D7382402DBFD00BCE781 /* Build configuration list for PBXNativeTarget "SSTest" */;
			buildPhases = (
				A328D72D2402DBFD00BCE781 /* Sources */,
				A328D72E2402DBFD00BCE781 /* Frameworks */,
				A328D72F2402DBFD00BCE781 /* CopyFiles */,
			);
			buildRules = (
			);
			dependencies = (
			);
			name = SSTest;
			productName = SSCore;
			productReference = A328D7312402DBFD00BCE781 /* SSTest */;
			productType = "com.apple.product-type.tool";
		};
/* End PBXNativeTarget section */

/* Begin PBXProject section */
		A328D7292402DBFD00BCE781 /* Project object */ = {
			isa = PBXProject;
			attributes = {
				LastUpgradeCheck = 1120;
				ORGANIZATIONNAME = "Southern Stars";
				TargetAttributes = {
					A328D7302402DBFD00BCE781 = {
						CreatedOnToolsVersion = 11.2.1;
					};
				};
			};
			buildConfigurationList = A328D72C2402DBFD00BCE781 /* Build configuration list for PBXProject "SSTest" */;
			compatibilityVersion = "Xcode 9.3";
			developmentRegion = en;
			hasScannedForEncodings = 0;
			knownRegions = (
				en,
				Base,
			);
			mainGroup = A328D7282402DBFD00BCE781;
			productRefGroup = A328D7322402DBFD00BCE781 /* Products */;
			projectDirPath = "";
			projectRoot = "";
			targets = (
				A328D7302402DBFD00BCE781 /* SSTest */,
			);
		};
/* End PBXProject section */

/* Begin PBXSourcesBuildPhase section */
		A328D72D2402DBFD00BCE781 /* Sources */ = {
			isa = PBXSourcesBuildPhase;
			buildActionMask = 2147483647;
			files = (
				A3C22D1724574892004CE083 /* VSOP2013p4.cpp in Sources */,
				A378CE9B243A482000F4B018 /* SSTest.cpp in Sources */,
				4703A8832404EF3800BDD11C /* SSMatrix.cpp in Sources */,
				A358CF12243779F200B39D5C /* SSJPLDEphemeris.cpp in Sources */,
				A3C22D1924574892004CE083 /* VSOP2013p3.cpp in Sources */,
				A3C22D1624574892004CE083 /* VSOP2013p6.cpp in Sources */,
				4703A8802404EF0800BDD11C /* SSVector.cpp in Sources */,
				A3ED2F90244614A00040ECE5 /* SSPSEphemeris.cpp in Sources */,
				A30545C2241EDBB400197F8A /* SSObject.cpp in Sources */,
				A3C22D1824574892004CE083 /* VSOP2013p7.cpp in Sources */,
				A3BFC838242BEDB2001CBE62 /* SSConstellation.cpp in Sources */,
				A31EBEA02457C231005C863E /* ELPMPP02.cpp in Sources */,
				A3C22D1D24574892004CE083 /* VSOP2013p5.cpp in Sources */,
				A3C22D1A24574892004CE083 /* VSOP2013p2.cpp in Sources */,
				A30545C5241EE07900197F8A /* SSPlanet.cpp in Sources */,
				A30C7A4A24251E96004FEF82 /* SSIdentifier.cpp in Sources */,
				A3C22D1C24574892004CE083 /* VSOP2013p1.cpp in Sources */,
				A35D2B4D242941B80092DEA5 /* SSImportHIP.cpp in Sources */,
				A388CCDC24CF7EAB009EA2CA /* SSView.cpp in Sources */,
				A36F9198240979770038FE04 /* SSCoordinates.cpp in Sources */,
				4703A8882404EF7F00BDD11C /* SSTime.cpp in Sources */,
				A35D2B4A24293BF80092DEA5 /* SSUtilities.cpp in Sources */,
				A35D2B50242951D30092DEA5 /* SSImportSKY2000.cpp in Sources */,
				A39A54C0244BDBD00010334B /* SSEvent.cpp in Sources */,
				A3AAE7B3242972E70035E668 /* SSImportNGCIC.cpp in Sources */,
				A36E2195242A7CF6005C9699 /* SSImportMPC.cpp in Sources */,
				4703A87D2404EEEA00BDD11C /* SSAngle.cpp in Sources */,
				A30545C8241EF45000197F8A /* SSStar.cpp in Sources */,
				A358D99D24147D3E009078A6 /* SSOrbit.cpp in Sources */,
				A33E45B82438E7F900C15780 /* SSTLE.cpp in Sources */,
				A3C22D1524574892004CE083 /* VSOP2013p9.cpp in Sources */,
				A3848E992450E9CD0085973F /* SSMoonEphemeris.cpp in Sources */,
				A3F759A8242EEB9300FCDE16 /* SSImportGJ.cpp in Sources */,
				A357CAA924E233B70007264B /* SSHTM.cpp in Sources */,
				A3C22D0424574695004CE083 /* VSOP2013.cpp in Sources */,
				A3C22D1B24574892004CE083 /* VSOP2013p8.cpp in Sources */,
			);
			runOnlyForDeploymentPostprocessing = 0;
		};
/* End PBXSourcesBuildPhase section */

/* Begin XCBuildConfiguration section */
		A328D7362402DBFD00BCE781 /* Debug */ = {
			isa = XCBuildConfiguration;
			buildSettings = {
				ALWAYS_SEARCH_USER_PATHS = NO;
				CLANG_ANALYZER_NONNULL = YES;
				CLANG_ANALYZER_NUMBER_OBJECT_CONVERSION = YES_AGGRESSIVE;
				CLANG_CXX_LANGUAGE_STANDARD = "gnu++14";
				CLANG_CXX_LIBRARY = "libc++";
				CLANG_ENABLE_MODULES = YES;
				CLANG_ENABLE_OBJC_ARC = YES;
				CLANG_ENABLE_OBJC_WEAK = YES;
				CLANG_WARN_BLOCK_CAPTURE_AUTORELEASING = YES;
				CLANG_WARN_BOOL_CONVERSION = YES;
				CLANG_WARN_COMMA = YES;
				CLANG_WARN_CONSTANT_CONVERSION = YES;
				CLANG_WARN_DEPRECATED_OBJC_IMPLEMENTATIONS = YES;
				CLANG_WARN_DIRECT_OBJC_ISA_USAGE = YES_ERROR;
				CLANG_WARN_DOCUMENTATION_COMMENTS = YES;
				CLANG_WARN_EMPTY_BODY = YES;
				CLANG_WARN_ENUM_CONVERSION = YES;
				CLANG_WARN_INFINITE_RECURSION = YES;
				CLANG_WARN_INT_CONVERSION = YES;
				CLANG_WARN_NON_LITERAL_NULL_CONVERSION = YES;
				CLANG_WARN_OBJC_IMPLICIT_RETAIN_SELF = YES;
				CLANG_WARN_OBJC_LITERAL_CONVERSION = YES;
				CLANG_WARN_OBJC_ROOT_CLASS = YES_ERROR;
				CLANG_WARN_RANGE_LOOP_ANALYSIS = YES;
				CLANG_WARN_STRICT_PROTOTYPES = YES;
				CLANG_WARN_SUSPICIOUS_MOVE = YES;
				CLANG_WARN_UNGUARDED_AVAILABILITY = YES_AGGRESSIVE;
				CLANG_WARN_UNREACHABLE_CODE = YES;
				CLANG_WARN__DUPLICATE_METHOD_MATCH = YES;
				COPY_PHASE_STRIP = NO;
				DEBUG_INFORMATION_FORMAT = dwarf;
				ENABLE_STRICT_OBJC_MSGSEND = YES;
				ENABLE_TESTABILITY = YES;
				GCC_C_LANGUAGE_STANDARD = gnu11;
				GCC_DYNAMIC_NO_PIC = NO;
				GCC_NO_COMMON_BLOCKS = YES;
				GCC_OPTIMIZATION_LEVEL = 0;
				GCC_PREPROCESSOR_DEFINITIONS = (
					"DEBUG=1",
					"$(inherited)",
				);
				GCC_WARN_64_TO_32_BIT_CONVERSION = YES;
				GCC_WARN_ABOUT_RETURN_TYPE = YES_ERROR;
				GCC_WARN_UNDECLARED_SELECTOR = YES;
				GCC_WARN_UNINITIALIZED_AUTOS = YES_AGGRESSIVE;
				GCC_WARN_UNUSED_FUNCTION = YES;
				GCC_WARN_UNUSED_VARIABLE = YES;
				MACOSX_DEPLOYMENT_TARGET = 10.14;
				MTL_ENABLE_DEBUG_INFO = INCLUDE_SOURCE;
				MTL_FAST_MATH = YES;
				ONLY_ACTIVE_ARCH = YES;
				SDKROOT = macosx;
			};
			name = Debug;
		};
		A328D7372402DBFD00BCE781 /* Release */ = {
			isa = XCBuildConfiguration;
			buildSettings = {
				ALWAYS_SEARCH_USER_PATHS = NO;
				CLANG_ANALYZER_NONNULL = YES;
				CLANG_ANALYZER_NUMBER_OBJECT_CONVERSION = YES_AGGRESSIVE;
				CLANG_CXX_LANGUAGE_STANDARD = "gnu++14";
				CLANG_CXX_LIBRARY = "libc++";
				CLANG_ENABLE_MODULES = YES;
				CLANG_ENABLE_OBJC_ARC = YES;
				CLANG_ENABLE_OBJC_WEAK = YES;
				CLANG_WARN_BLOCK_CAPTURE_AUTORELEASING = YES;
				CLANG_WARN_BOOL_CONVERSION = YES;
				CLANG_WARN_COMMA = YES;
				CLANG_WARN_CONSTANT_CONVERSION = YES;
				CLANG_WARN_DEPRECATED_OBJC_IMPLEMENTATIONS = YES;
				CLANG_WARN_DIRECT_OBJC_ISA_USAGE = YES_ERROR;
				CLANG_WARN_DOCUMENTATION_COMMENTS = YES;
				CLANG_WARN_EMPTY_BODY = YES;
				CLANG_WARN_ENUM_CONVERSION = YES;
				CLANG_WARN_INFINITE_RECURSION = YES;
				CLANG_WARN_INT_CONVERSION = YES;
				CLANG_WARN_NON_LITERAL_NULL_CONVERSION = YES;
				CLANG_WARN_OBJC_IMPLICIT_RETAIN_SELF = YES;
				CLANG_WARN_OBJC_LITERAL_CONVERSION = YES;
				CLANG_WARN_OBJC_ROOT_CLASS = YES_ERROR;
				CLANG_WARN_RANGE_LOOP_ANALYSIS = YES;
				CLANG_WARN_STRICT_PROTOTYPES = YES;
				CLANG_WARN_SUSPICIOUS_MOVE = YES;
				CLANG_WARN_UNGUARDED_AVAILABILITY = YES_AGGRESSIVE;
				CLANG_WARN_UNREACHABLE_CODE = YES;
				CLANG_WARN__DUPLICATE_METHOD_MATCH = YES;
				COPY_PHASE_STRIP = NO;
				DEBUG_INFORMATION_FORMAT = "dwarf-with-dsym";
				ENABLE_NS_ASSERTIONS = NO;
				ENABLE_STRICT_OBJC_MSGSEND = YES;
				GCC_C_LANGUAGE_STANDARD = gnu11;
				GCC_NO_COMMON_BLOCKS = YES;
				GCC_WARN_64_TO_32_BIT_CONVERSION = YES;
				GCC_WARN_ABOUT_RETURN_TYPE = YES_ERROR;
				GCC_WARN_UNDECLARED_SELECTOR = YES;
				GCC_WARN_UNINITIALIZED_AUTOS = YES_AGGRESSIVE;
				GCC_WARN_UNUSED_FUNCTION = YES;
				GCC_WARN_UNUSED_VARIABLE = YES;
				MACOSX_DEPLOYMENT_TARGET = 10.14;
				MTL_ENABLE_DEBUG_INFO = NO;
				MTL_FAST_MATH = YES;
				SDKROOT = macosx;
			};
			name = Release;
		};
		A328D7392402DBFD00BCE781 /* Debug */ = {
			isa = XCBuildConfiguration;
			buildSettings = {
				CODE_SIGN_STYLE = Automatic;
				DEVELOPMENT_TEAM = "";
				ENABLE_HARDENED_RUNTIME = YES;
				PRODUCT_NAME = "$(TARGET_NAME)";
			};
			name = Debug;
		};
		A328D73A2402DBFD00BCE781 /* Release */ = {
			isa = XCBuildConfiguration;
			buildSettings = {
				CODE_SIGN_STYLE = Automatic;
				DEVELOPMENT_TEAM = "";
				ENABLE_HARDENED_RUNTIME = YES;
				PRODUCT_NAME = "$(TARGET_NAME)";
			};
			name = Release;
		};
/* End XCBuildConfiguration section */

/* Begin XCConfigurationList section */
		A328D72C2402DBFD00BCE781 /* Build configuration list for PBXProject "SSTest" */ = {
			isa = XCConfigurationList;
			buildConfigurations = (
				A328D7362402DBFD00BCE781 /* Debug */,
				A328D7372402DBFD00BCE781 /* Release */,
			);
			defaultConfigurationIsVisible = 0;
			defaultConfigurationName = Release;
		};
		A328D7382402DBFD00BCE781 /* Build configuration list for PBXNativeTarget "SSTest" */ = {
			isa = XCConfigurationList;
			buildConfigurations = (
				A328D7392402DBFD00BCE781 /* Debug */,
				A328D73A2402DBFD00BCE781 /* Release */,
			);
			defaultConfigurationIsVisible = 0;
			defaultConfigurationName = Release;
		};
/* End XCConfigurationList section */
	};
	rootObject = A328D7292402DBFD00BCE781 /* Project object */;
}
